<?xml version="1.0" encoding="UTF-8" standalone="yes" ?>
<CodeBlocks_project_file>
	<FileVersion major="1" minor="6" />
	<Project>
		<Option title="mdp-lib" />
		<Option makefile_is_custom="1" />
		<Option pch_mode="2" />
		<Option compiler="gcc" />
		<Option show_notes="0">
			<notes>
				<![CDATA[make member variables of gridworld problem/state const.
tag current version and then change Rational for double in master branch]]>
			</notes>
		</Option>
		<Build>
			<Target title="Debug">
				<Option output="bin/Debug/mdp-lib" prefix_auto="1" extension_auto="1" />
				<Option object_output="obj/Debug/" />
				<Option type="1" />
				<Option compiler="gcc" />
				<Compiler>
					<Add option="-g" />
				</Compiler>
			</Target>
			<Target title="Release">
				<Option output="bin/Release/mdp-lib" prefix_auto="1" extension_auto="1" />
				<Option object_output="obj/Release/" />
				<Option type="1" />
				<Option compiler="gcc" />
				<Compiler>
					<Add option="-O2" />
				</Compiler>
				<Linker>
					<Add option="-s" />
				</Linker>
			</Target>
		</Build>
		<Compiler>
			<Add option="-Wall" />
			<Add option="-fexceptions" />
		</Compiler>
		<Unit filename="Makefile" />
		<Unit filename="data/ctps/AAAI-graphs/test00_100_T.graph" />
		<Unit filename="data/ctps/AAAI-graphs/test00_20_T.graph" />
		<Unit filename="data/ctps/AAAI-graphs/test00_50_T.graph" />
		<Unit filename="data/ctps/AAAI-graphs/test01_100_T.graph" />
		<Unit filename="data/ctps/AAAI-graphs/test01_20_T.graph" />
		<Unit filename="data/ctps/AAAI-graphs/test01_50_T.graph" />
		<Unit filename="data/ctps/AAAI-graphs/test02_100_T.graph" />
		<Unit filename="data/ctps/AAAI-graphs/test02_20_T.graph" />
		<Unit filename="data/ctps/AAAI-graphs/test02_50_T.graph" />
		<Unit filename="data/ctps/AAAI-graphs/test03_100_T.graph" />
		<Unit filename="data/ctps/AAAI-graphs/test03_20_T.graph" />
		<Unit filename="data/ctps/AAAI-graphs/test03_50_T.graph" />
		<Unit filename="data/ctps/AAAI-graphs/test04_100_T.graph" />
		<Unit filename="data/ctps/AAAI-graphs/test04_20_T.graph" />
		<Unit filename="data/ctps/AAAI-graphs/test04_50_T.graph" />
		<Unit filename="data/ctps/AAAI-graphs/test05_100_T.graph" />
		<Unit filename="data/ctps/AAAI-graphs/test05_20_T.graph" />
		<Unit filename="data/ctps/AAAI-graphs/test05_50_T.graph" />
		<Unit filename="data/ctps/AAAI-graphs/test06_100_T.graph" />
		<Unit filename="data/ctps/AAAI-graphs/test06_20_T.graph" />
		<Unit filename="data/ctps/AAAI-graphs/test06_50_T.graph" />
		<Unit filename="data/ctps/AAAI-graphs/test07_100_T.graph" />
		<Unit filename="data/ctps/AAAI-graphs/test07_20_T.graph" />
		<Unit filename="data/ctps/AAAI-graphs/test07_50_T.graph" />
		<Unit filename="data/ctps/AAAI-graphs/test08_100_T.graph" />
		<Unit filename="data/ctps/AAAI-graphs/test08_20_T.graph" />
		<Unit filename="data/ctps/AAAI-graphs/test08_50_T.graph" />
		<Unit filename="data/ctps/AAAI-graphs/test09_100_T.graph" />
		<Unit filename="data/ctps/AAAI-graphs/test09_20_T.graph" />
		<Unit filename="data/ctps/AAAI-graphs/test09_50_T.graph" />
		<Unit filename="data/ctps/results-opt.pdf" />
		<Unit filename="data/ctps/small-graphs/test00_10.graph" />
		<Unit filename="data/ctps/small-graphs/test00_11.graph" />
		<Unit filename="data/ctps/small-graphs/test00_12.graph" />
		<Unit filename="data/ctps/small-graphs/test00_13.graph" />
		<Unit filename="data/ctps/small-graphs/test00_14.graph" />
		<Unit filename="data/ctps/small-graphs/test00_15.graph" />
		<Unit filename="data/ctps/small-graphs/test00_16.graph" />
		<Unit filename="data/ctps/small-graphs/test00_17.graph" />
		<Unit filename="data/ctps/small-graphs/test00_18.graph" />
		<Unit filename="data/ctps/small-graphs/test00_19.graph" />
		<Unit filename="data/ctps/small-graphs/test00_5.graph" />
		<Unit filename="data/ctps/small-graphs/test00_6.graph" />
		<Unit filename="data/ctps/small-graphs/test00_7.graph" />
		<Unit filename="data/ctps/small-graphs/test00_8.graph" />
		<Unit filename="data/ctps/small-graphs/test00_9.graph" />
		<Unit filename="data/ctps/small-graphs/test01_10.graph" />
		<Unit filename="data/ctps/small-graphs/test01_11.graph" />
		<Unit filename="data/ctps/small-graphs/test01_12.graph" />
		<Unit filename="data/ctps/small-graphs/test01_13.graph" />
		<Unit filename="data/ctps/small-graphs/test01_14.graph" />
		<Unit filename="data/ctps/small-graphs/test01_15.graph" />
		<Unit filename="data/ctps/small-graphs/test01_16.graph" />
		<Unit filename="data/ctps/small-graphs/test01_17.graph" />
		<Unit filename="data/ctps/small-graphs/test01_18.graph" />
		<Unit filename="data/ctps/small-graphs/test01_19.graph" />
		<Unit filename="data/ctps/small-graphs/test01_5.graph" />
		<Unit filename="data/ctps/small-graphs/test01_6.graph" />
		<Unit filename="data/ctps/small-graphs/test01_7.graph" />
		<Unit filename="data/ctps/small-graphs/test01_8.graph" />
		<Unit filename="data/ctps/small-graphs/test01_9.graph" />
		<Unit filename="data/ctps/small-graphs/test02_10.graph" />
		<Unit filename="data/ctps/small-graphs/test02_11.graph" />
		<Unit filename="data/ctps/small-graphs/test02_12.graph" />
		<Unit filename="data/ctps/small-graphs/test02_13.graph" />
		<Unit filename="data/ctps/small-graphs/test02_14.graph" />
		<Unit filename="data/ctps/small-graphs/test02_15.graph" />
		<Unit filename="data/ctps/small-graphs/test02_16.graph" />
		<Unit filename="data/ctps/small-graphs/test02_17.graph" />
		<Unit filename="data/ctps/small-graphs/test02_18.graph" />
		<Unit filename="data/ctps/small-graphs/test02_19.graph" />
		<Unit filename="data/ctps/small-graphs/test02_5.graph" />
		<Unit filename="data/ctps/small-graphs/test02_6.graph" />
		<Unit filename="data/ctps/small-graphs/test02_7.graph" />
		<Unit filename="data/ctps/small-graphs/test02_8.graph" />
		<Unit filename="data/ctps/small-graphs/test02_9.graph" />
		<Unit filename="data/ctps/small-graphs/test03_10.graph" />
		<Unit filename="data/ctps/small-graphs/test03_11.graph" />
		<Unit filename="data/ctps/small-graphs/test03_12.graph" />
		<Unit filename="data/ctps/small-graphs/test03_13.graph" />
		<Unit filename="data/ctps/small-graphs/test03_14.graph" />
		<Unit filename="data/ctps/small-graphs/test03_15.graph" />
		<Unit filename="data/ctps/small-graphs/test03_16.graph" />
		<Unit filename="data/ctps/small-graphs/test03_17.graph" />
		<Unit filename="data/ctps/small-graphs/test03_18.graph" />
		<Unit filename="data/ctps/small-graphs/test03_19.graph" />
		<Unit filename="data/ctps/small-graphs/test03_5.graph" />
		<Unit filename="data/ctps/small-graphs/test03_6.graph" />
		<Unit filename="data/ctps/small-graphs/test03_7.graph" />
		<Unit filename="data/ctps/small-graphs/test03_8.graph" />
		<Unit filename="data/ctps/small-graphs/test03_9.graph" />
		<Unit filename="data/ctps/small-graphs/test04_10.graph" />
		<Unit filename="data/ctps/small-graphs/test04_11.graph" />
		<Unit filename="data/ctps/small-graphs/test04_12.graph" />
		<Unit filename="data/ctps/small-graphs/test04_13.graph" />
		<Unit filename="data/ctps/small-graphs/test04_14.graph" />
		<Unit filename="data/ctps/small-graphs/test04_15.graph" />
		<Unit filename="data/ctps/small-graphs/test04_16.graph" />
		<Unit filename="data/ctps/small-graphs/test04_17.graph" />
		<Unit filename="data/ctps/small-graphs/test04_18.graph" />
		<Unit filename="data/ctps/small-graphs/test04_19.graph" />
		<Unit filename="data/ctps/small-graphs/test04_5.graph" />
		<Unit filename="data/ctps/small-graphs/test04_6.graph" />
		<Unit filename="data/ctps/small-graphs/test04_7.graph" />
		<Unit filename="data/ctps/small-graphs/test04_8.graph" />
		<Unit filename="data/ctps/small-graphs/test04_9.graph" />
		<Unit filename="data/ctps/small-graphs/test05_10.graph" />
		<Unit filename="data/ctps/small-graphs/test05_11.graph" />
		<Unit filename="data/ctps/small-graphs/test05_12.graph" />
		<Unit filename="data/ctps/small-graphs/test05_13.graph" />
		<Unit filename="data/ctps/small-graphs/test05_14.graph" />
		<Unit filename="data/ctps/small-graphs/test05_15.graph" />
		<Unit filename="data/ctps/small-graphs/test05_16.graph" />
		<Unit filename="data/ctps/small-graphs/test05_17.graph" />
		<Unit filename="data/ctps/small-graphs/test05_18.graph" />
		<Unit filename="data/ctps/small-graphs/test05_19.graph" />
		<Unit filename="data/ctps/small-graphs/test05_5.graph" />
		<Unit filename="data/ctps/small-graphs/test05_6.graph" />
		<Unit filename="data/ctps/small-graphs/test05_7.graph" />
		<Unit filename="data/ctps/small-graphs/test05_8.graph" />
		<Unit filename="data/ctps/small-graphs/test05_9.graph" />
		<Unit filename="data/ctps/small-graphs/test06_10.graph" />
		<Unit filename="data/ctps/small-graphs/test06_11.graph" />
		<Unit filename="data/ctps/small-graphs/test06_12.graph" />
		<Unit filename="data/ctps/small-graphs/test06_13.graph" />
		<Unit filename="data/ctps/small-graphs/test06_14.graph" />
		<Unit filename="data/ctps/small-graphs/test06_15.graph" />
		<Unit filename="data/ctps/small-graphs/test06_16.graph" />
		<Unit filename="data/ctps/small-graphs/test06_17.graph" />
		<Unit filename="data/ctps/small-graphs/test06_18.graph" />
		<Unit filename="data/ctps/small-graphs/test06_19.graph" />
		<Unit filename="data/ctps/small-graphs/test06_5.graph" />
		<Unit filename="data/ctps/small-graphs/test06_6.graph" />
		<Unit filename="data/ctps/small-graphs/test06_7.graph" />
		<Unit filename="data/ctps/small-graphs/test06_8.graph" />
		<Unit filename="data/ctps/small-graphs/test06_9.graph" />
		<Unit filename="data/ctps/small-graphs/test07_10.graph" />
		<Unit filename="data/ctps/small-graphs/test07_11.graph" />
		<Unit filename="data/ctps/small-graphs/test07_12.graph" />
		<Unit filename="data/ctps/small-graphs/test07_13.graph" />
		<Unit filename="data/ctps/small-graphs/test07_14.graph" />
		<Unit filename="data/ctps/small-graphs/test07_15.graph" />
		<Unit filename="data/ctps/small-graphs/test07_16.graph" />
		<Unit filename="data/ctps/small-graphs/test07_17.graph" />
		<Unit filename="data/ctps/small-graphs/test07_18.graph" />
		<Unit filename="data/ctps/small-graphs/test07_19.graph" />
		<Unit filename="data/ctps/small-graphs/test07_5.graph" />
		<Unit filename="data/ctps/small-graphs/test07_6.graph" />
		<Unit filename="data/ctps/small-graphs/test07_7.graph" />
		<Unit filename="data/ctps/small-graphs/test07_8.graph" />
		<Unit filename="data/ctps/small-graphs/test07_9.graph" />
		<Unit filename="data/ctps/small-graphs/test08_10.graph" />
		<Unit filename="data/ctps/small-graphs/test08_11.graph" />
		<Unit filename="data/ctps/small-graphs/test08_12.graph" />
		<Unit filename="data/ctps/small-graphs/test08_13.graph" />
		<Unit filename="data/ctps/small-graphs/test08_14.graph" />
		<Unit filename="data/ctps/small-graphs/test08_15.graph" />
		<Unit filename="data/ctps/small-graphs/test08_16.graph" />
		<Unit filename="data/ctps/small-graphs/test08_17.graph" />
		<Unit filename="data/ctps/small-graphs/test08_18.graph" />
		<Unit filename="data/ctps/small-graphs/test08_19.graph" />
		<Unit filename="data/ctps/small-graphs/test08_5.graph" />
		<Unit filename="data/ctps/small-graphs/test08_6.graph" />
		<Unit filename="data/ctps/small-graphs/test08_7.graph" />
		<Unit filename="data/ctps/small-graphs/test08_8.graph" />
		<Unit filename="data/ctps/small-graphs/test08_9.graph" />
		<Unit filename="data/ctps/small-graphs/test09_10.graph" />
		<Unit filename="data/ctps/small-graphs/test09_11.graph" />
		<Unit filename="data/ctps/small-graphs/test09_12.graph" />
		<Unit filename="data/ctps/small-graphs/test09_13.graph" />
		<Unit filename="data/ctps/small-graphs/test09_14.graph" />
		<Unit filename="data/ctps/small-graphs/test09_15.graph" />
		<Unit filename="data/ctps/small-graphs/test09_16.graph" />
		<Unit filename="data/ctps/small-graphs/test09_17.graph" />
		<Unit filename="data/ctps/small-graphs/test09_18.graph" />
		<Unit filename="data/ctps/small-graphs/test09_19.graph" />
		<Unit filename="data/ctps/small-graphs/test09_5.graph" />
		<Unit filename="data/ctps/small-graphs/test09_6.graph" />
		<Unit filename="data/ctps/small-graphs/test09_7.graph" />
		<Unit filename="data/ctps/small-graphs/test09_8.graph" />
		<Unit filename="data/ctps/small-graphs/test09_9.graph" />
		<Unit filename="data/ctps/uct-aaai-2012.pdf" />
		<Unit filename="data/ppddl/ippc2008/2-tireworlds/p01.pddl" />
		<Unit filename="data/ppddl/ippc2008/2-tireworlds/p02.pddl" />
		<Unit filename="data/ppddl/ippc2008/2-tireworlds/p03.pddl" />
		<Unit filename="data/ppddl/ippc2008/2-tireworlds/p04.pddl" />
		<Unit filename="data/ppddl/ippc2008/2-tireworlds/p05.pddl" />
		<Unit filename="data/ppddl/ippc2008/2-tireworlds/p06.pddl" />
		<Unit filename="data/ppddl/ippc2008/2-tireworlds/p07.pddl" />
		<Unit filename="data/ppddl/ippc2008/2-tireworlds/p08.pddl" />
		<Unit filename="data/ppddl/ippc2008/2-tireworlds/p09.pddl" />
		<Unit filename="data/ppddl/ippc2008/2-tireworlds/p10.pddl" />
		<Unit filename="data/ppddl/ippc2008/2-tireworlds/p11-x20-y20-h5-v5-u80-s11.pddl" />
		<Unit filename="data/ppddl/ippc2008/2-tireworlds/p12-x20-y20-h15-v15-u300-s12.pddl" />
		<Unit filename="data/ppddl/ippc2008/2-tireworlds/p13-x30-y30-h8-v8-u100-s13.pddl" />
		<Unit filename="data/ppddl/ippc2008/2-tireworlds/p14-x30-y30-h25-v20-u700-s14.pddl" />
		<Unit filename="data/ppddl/ippc2008/2-tireworlds/p15-x60-y60-h15-v25-u1500-s15.pddl" />
		<Unit filename="data/ppddl/ippc2008/blocksworld/generate.sh" />
		<Unit filename="data/ppddl/ippc2008/blocksworld/p01-c0-C0-g1-n5.pddl" />
		<Unit filename="data/ppddl/ippc2008/blocksworld/p02-c1-C1-g20-n5.pddl" />
		<Unit filename="data/ppddl/ippc2008/blocksworld/p03-c1-C2-g40-n5.pddl" />
		<Unit filename="data/ppddl/ippc2008/blocksworld/p04-c2-C1-g0-n5.pddl" />
		<Unit filename="data/ppddl/ippc2008/blocksworld/p05-c0-C0-g1-n10.pddl" />
		<Unit filename="data/ppddl/ippc2008/blocksworld/p06-c1-C1-g20-n10.pddl" />
		<Unit filename="data/ppddl/ippc2008/blocksworld/p07-c1-C2-g0-n10.pddl" />
		<Unit filename="data/ppddl/ippc2008/blocksworld/p08-c3-C2-g0-n10.pddl" />
		<Unit filename="data/ppddl/ippc2008/blocksworld/p09-c0-C0-g1-n14.pddl" />
		<Unit filename="data/ppddl/ippc2008/blocksworld/p10-c1-C1-g20-n14.pddl" />
		<Unit filename="data/ppddl/ippc2008/blocksworld/p11-c1-C2-g0-n14.pddl" />
		<Unit filename="data/ppddl/ippc2008/blocksworld/p12-c3-C2-g0-n14.pddl" />
		<Unit filename="data/ppddl/ippc2008/blocksworld/p13-c0-C0-g1-n18.pddl" />
		<Unit filename="data/ppddl/ippc2008/blocksworld/p14-c1-C1-g20-n18.pddl" />
		<Unit filename="data/ppddl/ippc2008/blocksworld/p15-c3-C2-g0-n18.pddl" />
		<Unit filename="data/ppddl/ippc2008/boxworld/generate.sh" />
		<Unit filename="data/ppddl/ippc2008/boxworld/p01-b10-c5-dc0-fc0-dr0-gr1.pddl" />
		<Unit filename="data/ppddl/ippc2008/boxworld/p02-b10-c5-dc0-fc0-dr1-gr10.pddl" />
		<Unit filename="data/ppddl/ippc2008/boxworld/p03-b10-c5-dc5-fc25-dr50-gr500.pddl" />
		<Unit filename="data/ppddl/ippc2008/boxworld/p04-b10-c10-dc0-fc0-dr0-gr1.pddl" />
		<Unit filename="data/ppddl/ippc2008/boxworld/p05-b10-c10-dc8-fc25-dr50-gr500.pddl" />
		<Unit filename="data/ppddl/ippc2008/boxworld/p06-b10-c15-dc0-fc0-dr0-gr1.pddl" />
		<Unit filename="data/ppddl/ippc2008/boxworld/p07-b10-c15-dc5-fc30-dr50-gr500.pddl" />
		<Unit filename="data/ppddl/ippc2008/boxworld/p08-b15-c10-dc0-fc0-dr0-gr1.pddl" />
		<Unit filename="data/ppddl/ippc2008/boxworld/p09-b15-c10-dc5-fc25-dr100-gr500.pddl" />
		<Unit filename="data/ppddl/ippc2008/boxworld/p10-b15-c15-dc0-fc0-dr0-gr1.pddl" />
		<Unit filename="data/ppddl/ippc2008/boxworld/p11-b15-c15-dc0-fc0-dr1-gr0.pddl" />
		<Unit filename="data/ppddl/ippc2008/boxworld/p12-b15-c15-dc5-fc25-dr100-gr500.pddl" />
		<Unit filename="data/ppddl/ippc2008/boxworld/p13-b20-c20-dc0-fc0-dr0-gr1.pddl" />
		<Unit filename="data/ppddl/ippc2008/boxworld/p14-b20-c20-dc0-fc0-dr1-gr20.pddl" />
		<Unit filename="data/ppddl/ippc2008/boxworld/p15-b20-c20-dc5-fc25-dr100-gr500.pddl" />
		<Unit filename="data/ppddl/ippc2008/ex-blocksworld/domain.pddl" />
		<Unit filename="data/ppddl/ippc2008/ex-blocksworld/generate.sh" />
		<Unit filename="data/ppddl/ippc2008/ex-blocksworld/p01-n2-N5-s1.pddl" />
		<Unit filename="data/ppddl/ippc2008/ex-blocksworld/p02-n3-N5-s2.pddl" />
		<Unit filename="data/ppddl/ippc2008/ex-blocksworld/p03-n3-N6-s3.pddl" />
		<Unit filename="data/ppddl/ippc2008/ex-blocksworld/p04-n4-N6-s4.pddl" />
		<Unit filename="data/ppddl/ippc2008/ex-blocksworld/p05-n5-N7-s5.pddl" />
		<Unit filename="data/ppddl/ippc2008/ex-blocksworld/p06-n6-N8-s6.pddl" />
		<Unit filename="data/ppddl/ippc2008/ex-blocksworld/p07-n7-N9-s7.pddl" />
		<Unit filename="data/ppddl/ippc2008/ex-blocksworld/p08-n8-N10-s8.pddl" />
		<Unit filename="data/ppddl/ippc2008/ex-blocksworld/p09-n9-N11-s9.pddl" />
		<Unit filename="data/ppddl/ippc2008/ex-blocksworld/p10-n10-N12-s10.pddl" />
		<Unit filename="data/ppddl/ippc2008/ex-blocksworld/p11-n11-N13-s11.pddl" />
		<Unit filename="data/ppddl/ippc2008/ex-blocksworld/p12-n12-N14-s12.pddl" />
		<Unit filename="data/ppddl/ippc2008/ex-blocksworld/p13-n13-N15-s13.pddl" />
		<Unit filename="data/ppddl/ippc2008/ex-blocksworld/p14-n14-N16-s14.pddl" />
		<Unit filename="data/ppddl/ippc2008/ex-blocksworld/p15-n15-N17-s15.pddl" />
		<Unit filename="data/ppddl/ippc2008/rectangle-tireworld/domain.pddl" />
		<Unit filename="data/ppddl/ippc2008/rectangle-tireworld/generate.sh" />
		<Unit filename="data/ppddl/ippc2008/rectangle-tireworld/p01-x5-y5-h2-v2-u0-s1.pddl" />
		<Unit filename="data/ppddl/ippc2008/rectangle-tireworld/p02-x5-y5-h2-v3-u15-s2.pddl" />
		<Unit filename="data/ppddl/ippc2008/rectangle-tireworld/p03-x7-y7-h4-v3-u0-s3.pddl" />
		<Unit filename="data/ppddl/ippc2008/rectangle-tireworld/p04-x7-y7-h3-v4-u20-s4.pddl" />
		<Unit filename="data/ppddl/ippc2008/rectangle-tireworld/p05-x9-y9-h3-v5-u30-s5.pddl" />
		<Unit filename="data/ppddl/ippc2008/rectangle-tireworld/p06-x11-y11-h4-v3-u40-s6.pddl" />
		<Unit filename="data/ppddl/ippc2008/rectangle-tireworld/p07-x11-y11-h3-v5-u80-s7.pddl" />
		<Unit filename="data/ppddl/ippc2008/rectangle-tireworld/p08-x11-y11-h6-v7-u80-s8.pddl" />
		<Unit filename="data/ppddl/ippc2008/rectangle-tireworld/p09-x15-y15-h4-v4-u60-s9.pddl" />
		<Unit filename="data/ppddl/ippc2008/rectangle-tireworld/p10-x15-y15-h10-v10-u150-s10.pddl" />
		<Unit filename="data/ppddl/ippc2008/rectangle-tireworld/p11-x20-y20-h5-v5-u80-s11.pddl" />
		<Unit filename="data/ppddl/ippc2008/rectangle-tireworld/p12-x20-y20-h15-v15-u300-s12.pddl" />
		<Unit filename="data/ppddl/ippc2008/rectangle-tireworld/p13-x30-y30-h8-v8-u100-s13.pddl" />
		<Unit filename="data/ppddl/ippc2008/rectangle-tireworld/p14-x30-y30-h25-v20-u700-s14.pddl" />
		<Unit filename="data/ppddl/ippc2008/rectangle-tireworld/p15-x60-y60-h15-v25-u1500-s15.pddl" />
		<Unit filename="data/ppddl/ippc2008/schedule/generate.sh" />
		<Unit filename="data/ppddl/ippc2008/schedule/p01-c1-u3-l30.pddl" />
		<Unit filename="data/ppddl/ippc2008/schedule/p02-c1-u3-l50.pddl" />
		<Unit filename="data/ppddl/ippc2008/schedule/p03-c1-u4-l100.pddl" />
		<Unit filename="data/ppddl/ippc2008/schedule/p04-c2-u3-l50.pddl" />
		<Unit filename="data/ppddl/ippc2008/schedule/p05-c2-u4-l100.pddl" />
		<Unit filename="data/ppddl/ippc2008/schedule/p06-c3-u3-l500.pddl" />
		<Unit filename="data/ppddl/ippc2008/schedule/p07-c3-u3-l500.pddl" />
		<Unit filename="data/ppddl/ippc2008/schedule/p08-c3-u4-l500.pddl" />
		<Unit filename="data/ppddl/ippc2008/schedule/p09-c4-u5-l1000.pddl" />
		<Unit filename="data/ppddl/ippc2008/schedule/p10-c4-u5-l1000.pddl" />
		<Unit filename="data/ppddl/ippc2008/schedule/p11-c5-u3-l2000.pddl" />
		<Unit filename="data/ppddl/ippc2008/schedule/p12-c5-u3-l2000.pddl" />
		<Unit filename="data/ppddl/ippc2008/schedule/p13-c5-u4-l3000.pddl" />
		<Unit filename="data/ppddl/ippc2008/schedule/p14-c7-u5-l3000.pddl" />
		<Unit filename="data/ppddl/ippc2008/schedule/p15-c10-u5-l3000.pddl" />
		<Unit filename="data/ppddl/ippc2008/search-and-rescue/domain.pddl" />
		<Unit filename="data/ppddl/ippc2008/search-and-rescue/generate.sh" />
		<Unit filename="data/ppddl/ippc2008/search-and-rescue/p01-z4.pddl" />
		<Unit filename="data/ppddl/ippc2008/search-and-rescue/p02-z5.pddl" />
		<Unit filename="data/ppddl/ippc2008/search-and-rescue/p03-z6.pddl" />
		<Unit filename="data/ppddl/ippc2008/search-and-rescue/p04-z8.pddl" />
		<Unit filename="data/ppddl/ippc2008/search-and-rescue/p05-z10.pddl" />
		<Unit filename="data/ppddl/ippc2008/search-and-rescue/p06-z12.pddl" />
		<Unit filename="data/ppddl/ippc2008/search-and-rescue/p07-z14.pddl" />
		<Unit filename="data/ppddl/ippc2008/search-and-rescue/p08-z16.pddl" />
		<Unit filename="data/ppddl/ippc2008/search-and-rescue/p09-z20.pddl" />
		<Unit filename="data/ppddl/ippc2008/search-and-rescue/p10-z25.pddl" />
		<Unit filename="data/ppddl/ippc2008/search-and-rescue/p11-z30.pddl" />
		<Unit filename="data/ppddl/ippc2008/search-and-rescue/p12-z35.pddl" />
		<Unit filename="data/ppddl/ippc2008/search-and-rescue/p13-z40.pddl" />
		<Unit filename="data/ppddl/ippc2008/search-and-rescue/p14-z45.pddl" />
		<Unit filename="data/ppddl/ippc2008/search-and-rescue/p15-z50.pddl" />
		<Unit filename="data/ppddl/ippc2008/sysAdmin-SLP/domain.pddl" />
		<Unit filename="data/ppddl/ippc2008/sysAdmin-SLP/generate.sh" />
		<Unit filename="data/ppddl/ippc2008/sysAdmin-SLP/p01-n4-l1-s1.pddl" />
		<Unit filename="data/ppddl/ippc2008/sysAdmin-SLP/p02-n5-l2-s2.pddl" />
		<Unit filename="data/ppddl/ippc2008/sysAdmin-SLP/p03-n6-l3-s3.pddl" />
		<Unit filename="data/ppddl/ippc2008/sysAdmin-SLP/p04-n8-l4-s4.pddl" />
		<Unit filename="data/ppddl/ippc2008/sysAdmin-SLP/p05-n12-l6-s5.pddl" />
		<Unit filename="data/ppddl/ippc2008/sysAdmin-SLP/p06-n16-l8-s6.pddl" />
		<Unit filename="data/ppddl/ippc2008/sysAdmin-SLP/p07-n20-l10-s7.pddl" />
		<Unit filename="data/ppddl/ippc2008/sysAdmin-SLP/p08-n25-l12-s8.pddl" />
		<Unit filename="data/ppddl/ippc2008/sysAdmin-SLP/p09-n30-l15-s9.pddl" />
		<Unit filename="data/ppddl/ippc2008/sysAdmin-SLP/p10-n60-l30-s10.pddl" />
		<Unit filename="data/ppddl/ippc2008/sysAdmin-SLP/p11-n120-l60-s11.pddl" />
		<Unit filename="data/ppddl/ippc2008/sysAdmin-SLP/p12-n240-l120-s12.pddl" />
		<Unit filename="data/ppddl/ippc2008/sysAdmin-SLP/p13-n480-l240-s13.pddl" />
		<Unit filename="data/ppddl/ippc2008/sysAdmin-SLP/p14-n960-l480-s14.pddl" />
		<Unit filename="data/ppddl/ippc2008/sysAdmin-SLP/p15-n1920-l960-s15.pddl" />
		<Unit filename="data/ppddl/ippc2008/triangle-tireworld/domain.pddl" />
		<Unit filename="data/ppddl/ippc2008/triangle-tireworld/generate.sh" />
		<Unit filename="data/ppddl/ippc2008/triangle-tireworld/p01.pddl" />
		<Unit filename="data/ppddl/ippc2008/triangle-tireworld/p02.pddl" />
		<Unit filename="data/ppddl/ippc2008/triangle-tireworld/p03.pddl" />
		<Unit filename="data/ppddl/ippc2008/triangle-tireworld/p04.pddl" />
		<Unit filename="data/ppddl/ippc2008/triangle-tireworld/p05.pddl" />
		<Unit filename="data/ppddl/ippc2008/triangle-tireworld/p06.pddl" />
		<Unit filename="data/ppddl/ippc2008/triangle-tireworld/p07.pddl" />
		<Unit filename="data/ppddl/ippc2008/triangle-tireworld/p08.pddl" />
		<Unit filename="data/ppddl/ippc2008/triangle-tireworld/p09.pddl" />
		<Unit filename="data/ppddl/ippc2008/triangle-tireworld/p10.pddl" />
		<Unit filename="data/ppddl/ippc2008/zenotravel/domain.pddl" />
		<Unit filename="data/ppddl/ippc2008/zenotravel/generate.sh" />
		<Unit filename="data/ppddl/ippc2008/zenotravel/p01-c4-p2-a2-s3846.pddl" />
		<Unit filename="data/ppddl/ippc2008/zenotravel/p02-c5-p2-a2-s17462.pddl" />
		<Unit filename="data/ppddl/ippc2008/zenotravel/p03-c5-p5-a3-s3674.pddl" />
		<Unit filename="data/ppddl/ippc2008/zenotravel/p04-c6-p2-a2-s12861.pddl" />
		<Unit filename="data/ppddl/ippc2008/zenotravel/p05-c6-p5-a3-s24056.pddl" />
		<Unit filename="data/ppddl/ippc2008/zenotravel/p06-c7-p5-a3-s6554.pddl" />
		<Unit filename="data/ppddl/ippc2008/zenotravel/p07-c7-p10-a6-s24564.pddl" />
		<Unit filename="data/ppddl/ippc2008/zenotravel/p08-c8-p5-a3-s27436.pddl" />
		<Unit filename="data/ppddl/ippc2008/zenotravel/p09-c9-p10-a6-s29223.pddl" />
		<Unit filename="data/ppddl/ippc2008/zenotravel/p10-c10-p5-a3-s15832.pddl" />
		<Unit filename="data/ppddl/ippc2008/zenotravel/p11-c11-p10-a6-s21350.pddl" />
		<Unit filename="data/ppddl/ippc2008/zenotravel/p12-c13-p5-a3-s14893.pddl" />
		<Unit filename="data/ppddl/ippc2008/zenotravel/p13-c14-p10-a6-s12510.pddl" />
		<Unit filename="data/ppddl/ippc2008/zenotravel/p14-c15-p10-a6-s11709.pddl" />
		<Unit filename="data/ppddl/ippc2008/zenotravel/p15-c20-p10-a6-s24164.pddl" />
		<Unit filename="include/action.h" />
		<Unit filename="include/domains/ctp/CTPAction.h" />
		<Unit filename="include/domains/ctp/CTPOptimisticHeuristic.h" />
		<Unit filename="include/domains/ctp/CTPProblem.h" />
		<Unit filename="include/domains/ctp/CTPState.h" />
		<Unit filename="include/domains/gridworld/GWManhattanHeuristic.h" />
		<Unit filename="include/domains/gridworld/GridWorldAction.h" />
		<Unit filename="include/domains/gridworld/GridWorldProblem.h" />
		<Unit filename="include/domains/gridworld/GridWorldState.h" />
		<Unit filename="include/heuristic.h" />
		<Unit filename="include/mdplib.h" />
		<Unit filename="include/mdpsim-2.2.2/actions.h" />
		<Unit filename="include/mdpsim-2.2.2/client.h" />
		<Unit filename="include/mdpsim-2.2.2/config.h" />
		<Unit filename="include/mdpsim-2.2.2/domains.h" />
		<Unit filename="include/mdpsim-2.2.2/effects.h" />
		<Unit filename="include/mdpsim-2.2.2/expressions.h" />
		<Unit filename="include/mdpsim-2.2.2/formulas.h" />
		<Unit filename="include/mdpsim-2.2.2/functions.h" />
		<Unit filename="include/mdpsim-2.2.2/mdpserver.h" />
		<Unit filename="include/mdpsim-2.2.2/mtbdd.h" />
		<Unit filename="include/mdpsim-2.2.2/parser.h" />
		<Unit filename="include/mdpsim-2.2.2/predicates.h" />
		<Unit filename="include/mdpsim-2.2.2/problems.h" />
		<Unit filename="include/mdpsim-2.2.2/rational.h" />
		<Unit filename="include/mdpsim-2.2.2/refcount.h" />
		<Unit filename="include/mdpsim-2.2.2/requirements.h" />
		<Unit filename="include/mdpsim-2.2.2/states.h" />
		<Unit filename="include/mdpsim-2.2.2/strxml.h" />
		<Unit filename="include/mdpsim-2.2.2/terms.h" />
		<Unit filename="include/mdpsim-2.2.2/types.h" />
		<Unit filename="include/ppddl_problem.h" />
		<Unit filename="include/ppddl_state.h" />
		<Unit filename="include/problem.h" />
		<Unit filename="include/solvers/LAOStarSolver.h" />
		<Unit filename="include/solvers/LRTDPSolver.h" />
		<Unit filename="include/solvers/UCTSolver.h" />
		<Unit filename="include/solvers/VISolver.h" />
		<Unit filename="include/solvers/solver.h" />
		<Unit filename="include/state.h" />
		<Unit filename="include/util/general.h" />
		<Unit filename="include/util/graph.h" />
		<Unit filename="include/util/rational.h" />
		<Unit filename="lib/G-pack-2.0/actions.cc" />
		<Unit filename="lib/G-pack-2.0/actions.h" />
		<Unit filename="lib/G-pack-2.0/algorithms.cc" />
		<Unit filename="lib/G-pack-2.0/algorithms.h" />
		<Unit filename="lib/G-pack-2.0/atom_states.cc" />
		<Unit filename="lib/G-pack-2.0/atom_states.h" />
		<Unit filename="lib/G-pack-2.0/client.cc" />
		<Unit filename="lib/G-pack-2.0/client.h" />
		<Unit filename="lib/G-pack-2.0/domains.cc" />
		<Unit filename="lib/G-pack-2.0/domains.h" />
		<Unit filename="lib/G-pack-2.0/effects.cc" />
		<Unit filename="lib/G-pack-2.0/effects.h" />
		<Unit filename="lib/G-pack-2.0/exceptions.cc" />
		<Unit filename="lib/G-pack-2.0/exceptions.h" />
		<Unit filename="lib/G-pack-2.0/expressions.cc" />
		<Unit filename="lib/G-pack-2.0/expressions.h" />
		<Unit filename="lib/G-pack-2.0/formulas.cc" />
		<Unit filename="lib/G-pack-2.0/formulas.h" />
		<Unit filename="lib/G-pack-2.0/functions.cc" />
		<Unit filename="lib/G-pack-2.0/functions.h" />
		<Unit filename="lib/G-pack-2.0/global.cc" />
		<Unit filename="lib/G-pack-2.0/global.h" />
		<Unit filename="lib/G-pack-2.0/graph.cc" />
		<Unit filename="lib/G-pack-2.0/graph.h" />
		<Unit filename="lib/G-pack-2.0/hash.cc" />
		<Unit filename="lib/G-pack-2.0/hash.h" />
		<Unit filename="lib/G-pack-2.0/hashing.h" />
		<Unit filename="lib/G-pack-2.0/heuristics.cc" />
		<Unit filename="lib/G-pack-2.0/heuristics.h" />
		<Unit filename="lib/G-pack-2.0/lexer.cc" />
		<Unit filename="lib/G-pack-2.0/main.cc" />
		<Unit filename="lib/G-pack-2.0/md4.h" />
		<Unit filename="lib/G-pack-2.0/md4c.c">
			<Option compilerVar="CC" />
		</Unit>
		<Unit filename="lib/G-pack-2.0/parser.cc" />
		<Unit filename="lib/G-pack-2.0/parser.h" />
		<Unit filename="lib/G-pack-2.0/planners.cc" />
		<Unit filename="lib/G-pack-2.0/planners.h" />
		<Unit filename="lib/G-pack-2.0/predicates.cc" />
		<Unit filename="lib/G-pack-2.0/predicates.h" />
		<Unit filename="lib/G-pack-2.0/problems.cc" />
		<Unit filename="lib/G-pack-2.0/problems.h" />
		<Unit filename="lib/G-pack-2.0/queue.h" />
		<Unit filename="lib/G-pack-2.0/requirements.cc" />
		<Unit filename="lib/G-pack-2.0/requirements.h" />
		<Unit filename="lib/G-pack-2.0/states.h" />
		<Unit filename="lib/G-pack-2.0/strxml.cc" />
		<Unit filename="lib/G-pack-2.0/strxml.h" />
		<Unit filename="lib/G-pack-2.0/terms.cc" />
		<Unit filename="lib/G-pack-2.0/terms.h" />
		<Unit filename="lib/G-pack-2.0/types.cc" />
		<Unit filename="lib/G-pack-2.0/types.h" />
		<Unit filename="lib/G-pack-2.0/utils.cc" />
		<Unit filename="lib/G-pack-2.0/utils.h" />
		<Unit filename="lib/mdpsim-2.2.2/actions.cc" />
		<Unit filename="lib/mdpsim-2.2.2/actions.h" />
		<Unit filename="lib/mdpsim-2.2.2/client.cc" />
		<Unit filename="lib/mdpsim-2.2.2/client.h" />
		<Unit filename="lib/mdpsim-2.2.2/config.h" />
		<Unit filename="lib/mdpsim-2.2.2/domains.cc" />
		<Unit filename="lib/mdpsim-2.2.2/domains.h" />
		<Unit filename="lib/mdpsim-2.2.2/effects.cc" />
		<Unit filename="lib/mdpsim-2.2.2/effects.h" />
		<Unit filename="lib/mdpsim-2.2.2/expressions.cc" />
		<Unit filename="lib/mdpsim-2.2.2/expressions.h" />
		<Unit filename="lib/mdpsim-2.2.2/formulas.cc" />
		<Unit filename="lib/mdpsim-2.2.2/formulas.h" />
		<Unit filename="lib/mdpsim-2.2.2/functions.cc" />
		<Unit filename="lib/mdpsim-2.2.2/functions.h" />
		<Unit filename="lib/mdpsim-2.2.2/getopt.c">
			<Option compilerVar="CC" />
		</Unit>
		<Unit filename="lib/mdpsim-2.2.2/getopt1.c">
			<Option compilerVar="CC" />
		</Unit>
		<Unit filename="lib/mdpsim-2.2.2/mdpclient.cc" />
		<Unit filename="lib/mdpsim-2.2.2/mdpserver.cc" />
		<Unit filename="lib/mdpsim-2.2.2/mdpserver.h" />
		<Unit filename="lib/mdpsim-2.2.2/mdpsim.cc" />
		<Unit filename="lib/mdpsim-2.2.2/mtbdd.cc" />
		<Unit filename="lib/mdpsim-2.2.2/mtbdd.h" />
		<Unit filename="lib/mdpsim-2.2.2/mtbddclient.cc" />
		<Unit filename="lib/mdpsim-2.2.2/parser.cc" />
		<Unit filename="lib/mdpsim-2.2.2/parser.h" />
		<Unit filename="lib/mdpsim-2.2.2/port/getopt.h" />
		<Unit filename="lib/mdpsim-2.2.2/predicates.cc" />
		<Unit filename="lib/mdpsim-2.2.2/predicates.h" />
		<Unit filename="lib/mdpsim-2.2.2/problems.cc" />
		<Unit filename="lib/mdpsim-2.2.2/problems.h" />
		<Unit filename="lib/mdpsim-2.2.2/rational.cc" />
		<Unit filename="lib/mdpsim-2.2.2/rational.h" />
		<Unit filename="lib/mdpsim-2.2.2/refcount.h" />
		<Unit filename="lib/mdpsim-2.2.2/requirements.cc" />
		<Unit filename="lib/mdpsim-2.2.2/requirements.h" />
		<Unit filename="lib/mdpsim-2.2.2/states.cc" />
		<Unit filename="lib/mdpsim-2.2.2/states.h" />
		<Unit filename="lib/mdpsim-2.2.2/strxml.cc" />
		<Unit filename="lib/mdpsim-2.2.2/strxml.h" />
		<Unit filename="lib/mdpsim-2.2.2/terms.cc" />
		<Unit filename="lib/mdpsim-2.2.2/terms.h" />
		<Unit filename="lib/mdpsim-2.2.2/tokenizer.cc" />
		<Unit filename="lib/mdpsim-2.2.2/types.cc" />
		<Unit filename="lib/mdpsim-2.2.2/types.h" />
		<Unit filename="lib/mini-gpt/actions.cc" />
		<Unit filename="lib/mini-gpt/actions.h" />
		<Unit filename="lib/mini-gpt/algorithms.cc" />
		<Unit filename="lib/mini-gpt/algorithms.h" />
		<Unit filename="lib/mini-gpt/atom_states.cc" />
		<Unit filename="lib/mini-gpt/atom_states.h" />
		<Unit filename="lib/mini-gpt/client.cc" />
		<Unit filename="lib/mini-gpt/client.h" />
		<Unit filename="lib/mini-gpt/domains.cc" />
		<Unit filename="lib/mini-gpt/domains.h" />
		<Unit filename="lib/mini-gpt/effects.cc" />
		<Unit filename="lib/mini-gpt/effects.h" />
		<Unit filename="lib/mini-gpt/exceptions.cc" />
		<Unit filename="lib/mini-gpt/exceptions.h" />
		<Unit filename="lib/mini-gpt/expressions.cc" />
		<Unit filename="lib/mini-gpt/expressions.h" />
		<Unit filename="lib/mini-gpt/formulas.cc" />
		<Unit filename="lib/mini-gpt/formulas.h" />
		<Unit filename="lib/mini-gpt/full_states.cc" />
		<Unit filename="lib/mini-gpt/full_states.h" />
		<Unit filename="lib/mini-gpt/functions.cc" />
		<Unit filename="lib/mini-gpt/functions.h" />
		<Unit filename="lib/mini-gpt/global.cc" />
		<Unit filename="lib/mini-gpt/global.h" />
		<Unit filename="lib/mini-gpt/graph.cc" />
		<Unit filename="lib/mini-gpt/graph.h" />
		<Unit filename="lib/mini-gpt/hash.cc" />
		<Unit filename="lib/mini-gpt/hash.h" />
		<Unit filename="lib/mini-gpt/hashing.h" />
		<Unit filename="lib/mini-gpt/heuristics.cc" />
		<Unit filename="lib/mini-gpt/heuristics.h" />
		<Unit filename="lib/mini-gpt/main.cc" />
		<Unit filename="lib/mini-gpt/md4.h" />
		<Unit filename="lib/mini-gpt/md4c.c">
			<Option compilerVar="CC" />
		</Unit>
		<Unit filename="lib/mini-gpt/planners.cc" />
		<Unit filename="lib/mini-gpt/planners.h" />
		<Unit filename="lib/mini-gpt/predicates.cc" />
		<Unit filename="lib/mini-gpt/predicates.h" />
		<Unit filename="lib/mini-gpt/problems.cc" />
		<Unit filename="lib/mini-gpt/problems.h" />
		<Unit filename="lib/mini-gpt/queue.h" />
		<Unit filename="lib/mini-gpt/rational.cc" />
		<Unit filename="lib/mini-gpt/rational.h" />
		<Unit filename="lib/mini-gpt/requirements.cc" />
		<Unit filename="lib/mini-gpt/requirements.h" />
		<Unit filename="lib/mini-gpt/states.h" />
		<Unit filename="lib/mini-gpt/strxml.cc" />
		<Unit filename="lib/mini-gpt/strxml.h" />
		<Unit filename="lib/mini-gpt/terms.cc" />
		<Unit filename="lib/mini-gpt/terms.h" />
		<Unit filename="lib/mini-gpt/types.cc" />
		<Unit filename="lib/mini-gpt/types.h" />
		<Unit filename="lib/mini-gpt/utils.cc" />
		<Unit filename="lib/mini-gpt/utils.h" />
		<Unit filename="lib/prost/src/caching_component.cc" />
		<Unit filename="lib/prost/src/caching_component.h" />
		<Unit filename="lib/prost/src/depth_first_search.cc" />
		<Unit filename="lib/prost/src/depth_first_search.h" />
		<Unit filename="lib/prost/src/dp_uct_search.cc" />
		<Unit filename="lib/prost/src/dp_uct_search.h" />
		<Unit filename="lib/prost/src/functions.cc" />
		<Unit filename="lib/prost/src/functions.h" />
		<Unit filename="lib/prost/src/instantiator.cc" />
		<Unit filename="lib/prost/src/instantiator.h" />
		<Unit filename="lib/prost/src/ippc_client.cc" />
		<Unit filename="lib/prost/src/ippc_client.h" />
		<Unit filename="lib/prost/src/iterative_deepening_search.cc" />
		<Unit filename="lib/prost/src/iterative_deepening_search.h" />
		<Unit filename="lib/prost/src/learning_component.cc" />
		<Unit filename="lib/prost/src/learning_component.h" />
		<Unit filename="lib/prost/src/logical_expressions.cc" />
		<Unit filename="lib/prost/src/logical_expressions.h" />
		<Unit filename="lib/prost/src/logical_expressions_includes/calculate_domain.cc" />
		<Unit filename="lib/prost/src/logical_expressions_includes/calculate_pd_domain.cc" />
		<Unit filename="lib/prost/src/logical_expressions_includes/collect_initial_info.cc" />
		<Unit filename="lib/prost/src/logical_expressions_includes/determinization.cc" />
		<Unit filename="lib/prost/src/logical_expressions_includes/evaluate.cc" />
		<Unit filename="lib/prost/src/logical_expressions_includes/evaluate_to_kleene.cc" />
		<Unit filename="lib/prost/src/logical_expressions_includes/evaluate_to_pd.cc" />
		<Unit filename="lib/prost/src/logical_expressions_includes/instantiate.cc" />
		<Unit filename="lib/prost/src/logical_expressions_includes/print.cc" />
		<Unit filename="lib/prost/src/logical_expressions_includes/replace_quantifier.cc" />
		<Unit filename="lib/prost/src/logical_expressions_includes/simplify.cc" />
		<Unit filename="lib/prost/src/main.cc" />
		<Unit filename="lib/prost/src/max_mc_uct_search.cc" />
		<Unit filename="lib/prost/src/max_mc_uct_search.h" />
		<Unit filename="lib/prost/src/mc_uct_search.cc" />
		<Unit filename="lib/prost/src/mc_uct_search.h" />
		<Unit filename="lib/prost/src/planning_task.cc" />
		<Unit filename="lib/prost/src/planning_task.h" />
		<Unit filename="lib/prost/src/preprocessor.cc" />
		<Unit filename="lib/prost/src/preprocessor.h" />
		<Unit filename="lib/prost/src/probability_distribution.cc" />
		<Unit filename="lib/prost/src/probability_distribution.h" />
		<Unit filename="lib/prost/src/prost_planner.cc" />
		<Unit filename="lib/prost/src/prost_planner.h" />
		<Unit filename="lib/prost/src/rddl_parser.cc" />
		<Unit filename="lib/prost/src/rddl_parser.h" />
		<Unit filename="lib/prost/src/search_engine.cc" />
		<Unit filename="lib/prost/src/search_engine.h" />
		<Unit filename="lib/prost/src/state_set_generator.cc" />
		<Unit filename="lib/prost/src/state_set_generator.h" />
		<Unit filename="lib/prost/src/states.cc" />
		<Unit filename="lib/prost/src/states.h" />
		<Unit filename="lib/prost/src/thts.cc" />
		<Unit filename="lib/prost/src/thts.h" />
		<Unit filename="lib/prost/src/uct_base.cc" />
		<Unit filename="lib/prost/src/uct_base.h" />
		<Unit filename="lib/prost/src/uniform_evaluation_search.cc" />
		<Unit filename="lib/prost/src/uniform_evaluation_search.h" />
		<Unit filename="lib/prost/src/unprocessed_planning_task.cc" />
		<Unit filename="lib/prost/src/unprocessed_planning_task.h" />
		<Unit filename="lib/prost/src/utils/math_utils.cc" />
		<Unit filename="lib/prost/src/utils/math_utils.h" />
		<Unit filename="lib/prost/src/utils/string_utils.cc" />
		<Unit filename="lib/prost/src/utils/string_utils.h" />
		<Unit filename="lib/prost/src/utils/strxml.cc" />
		<Unit filename="lib/prost/src/utils/strxml.h" />
		<Unit filename="lib/prost/src/utils/system_utils.cc" />
		<Unit filename="lib/prost/src/utils/system_utils.h" />
		<Unit filename="lib/prost/src/utils/timer.cc" />
		<Unit filename="lib/prost/src/utils/timer.h" />
		<Unit filename="src/action.cpp" />
		<Unit filename="src/domains/ctp/CTPAction.cpp" />
		<Unit filename="src/domains/ctp/CTPProblem.cpp" />
		<Unit filename="src/domains/ctp/CTPState.cpp" />
		<Unit filename="src/domains/gridworld/GridWorldAction.cpp" />
		<Unit filename="src/domains/gridworld/GridWorldProblem.cpp" />
		<Unit filename="src/domains/gridworld/GridWorldState.cpp" />
		<Unit filename="src/ppddl_problem.cpp" />
		<Unit filename="src/ppddl_state.cpp" />
		<Unit filename="src/solvers/LAOStarSolver.cpp" />
		<Unit filename="src/solvers/LRTDPSolver.cpp" />
		<Unit filename="src/solvers/UCTSolver.cpp" />
		<Unit filename="src/solvers/VISolver.cpp" />
		<Unit filename="src/state.cpp" />
		<Unit filename="src/util/graph.cpp" />
		<Unit filename="src/util/rational.cpp" />
		<Unit filename="test/testB2T.cpp" />
		<Unit filename="test/testCTP.cpp" />
		<Unit filename="test/testGridWorld.cpp" />
		<Unit filename="test/testPPDDL.cpp" />
		<Extensions>
			<code_completion />
			<debugger />
		</Extensions>
	</Project>
</CodeBlocks_project_file>
