<?xml version="1.0" encoding="UTF-8" standalone="yes" ?>
<CodeBlocks_project_file>
	<FileVersion major="1" minor="6" />
	<Project>
		<Option title="mdp-lib" />
		<Option makefile_is_custom="1" />
		<Option pch_mode="2" />
		<Option compiler="gcc" />
		<Option show_notes="0">
			<notes>
				<![CDATA[make member variables of gridworld problem/state const.
tag current version and then change Rational for double in master branch]]>
			</notes>
		</Option>
		<Build>
			<Target title="Debug">
				<Option output="bin/Debug/mdp-lib" prefix_auto="1" extension_auto="1" />
				<Option object_output="obj/Debug/" />
				<Option type="1" />
				<Option compiler="gcc" />
				<Compiler>
					<Add option="-g" />
					<Add directory="include/reduced" />
					<Add directory="include/solvers" />
				</Compiler>
			</Target>
			<Target title="Release">
				<Option output="bin/Release/mdp-lib" prefix_auto="1" extension_auto="1" />
				<Option object_output="obj/Release/" />
				<Option type="1" />
				<Option compiler="gcc" />
				<Compiler>
					<Add option="-O2" />
					<Add directory="include/reduced" />
					<Add directory="include/solvers" />
				</Compiler>
				<Linker>
					<Add option="-s" />
				</Linker>
			</Target>
		</Build>
		<Compiler>
			<Add option="-Wall" />
			<Add option="-fexceptions" />
		</Compiler>
		<Unit filename="Makefile" />
		<Unit filename="data/ctps/AAAI-graphs/test00_100_T.graph" />
		<Unit filename="data/ctps/AAAI-graphs/test00_20_T.graph" />
		<Unit filename="data/ctps/AAAI-graphs/test00_50_T.graph" />
		<Unit filename="data/ctps/AAAI-graphs/test01_100_T.graph" />
		<Unit filename="data/ctps/AAAI-graphs/test01_20_T.graph" />
		<Unit filename="data/ctps/AAAI-graphs/test01_50_T.graph" />
		<Unit filename="data/ctps/AAAI-graphs/test02_100_T.graph" />
		<Unit filename="data/ctps/AAAI-graphs/test02_20_T.graph" />
		<Unit filename="data/ctps/AAAI-graphs/test02_50_T.graph" />
		<Unit filename="data/ctps/AAAI-graphs/test03_100_T.graph" />
		<Unit filename="data/ctps/AAAI-graphs/test03_20_T.graph" />
		<Unit filename="data/ctps/AAAI-graphs/test03_50_T.graph" />
		<Unit filename="data/ctps/AAAI-graphs/test04_100_T.graph" />
		<Unit filename="data/ctps/AAAI-graphs/test04_20_T.graph" />
		<Unit filename="data/ctps/AAAI-graphs/test04_50_T.graph" />
		<Unit filename="data/ctps/AAAI-graphs/test05_100_T.graph" />
		<Unit filename="data/ctps/AAAI-graphs/test05_20_T.graph" />
		<Unit filename="data/ctps/AAAI-graphs/test05_50_T.graph" />
		<Unit filename="data/ctps/AAAI-graphs/test06_100_T.graph" />
		<Unit filename="data/ctps/AAAI-graphs/test06_20_T.graph" />
		<Unit filename="data/ctps/AAAI-graphs/test06_50_T.graph" />
		<Unit filename="data/ctps/AAAI-graphs/test07_100_T.graph" />
		<Unit filename="data/ctps/AAAI-graphs/test07_20_T.graph" />
		<Unit filename="data/ctps/AAAI-graphs/test07_50_T.graph" />
		<Unit filename="data/ctps/AAAI-graphs/test08_100_T.graph" />
		<Unit filename="data/ctps/AAAI-graphs/test08_20_T.graph" />
		<Unit filename="data/ctps/AAAI-graphs/test08_50_T.graph" />
		<Unit filename="data/ctps/AAAI-graphs/test09_100_T.graph" />
		<Unit filename="data/ctps/AAAI-graphs/test09_20_T.graph" />
		<Unit filename="data/ctps/AAAI-graphs/test09_50_T.graph" />
		<Unit filename="data/ctps/results-opt.pdf" />
		<Unit filename="data/ctps/small-graphs/test00_10.graph" />
		<Unit filename="data/ctps/small-graphs/test00_11.graph" />
		<Unit filename="data/ctps/small-graphs/test00_12.graph" />
		<Unit filename="data/ctps/small-graphs/test00_13.graph" />
		<Unit filename="data/ctps/small-graphs/test00_14.graph" />
		<Unit filename="data/ctps/small-graphs/test00_15.graph" />
		<Unit filename="data/ctps/small-graphs/test00_16.graph" />
		<Unit filename="data/ctps/small-graphs/test00_17.graph" />
		<Unit filename="data/ctps/small-graphs/test00_18.graph" />
		<Unit filename="data/ctps/small-graphs/test00_19.graph" />
		<Unit filename="data/ctps/small-graphs/test00_5.graph" />
		<Unit filename="data/ctps/small-graphs/test00_6.graph" />
		<Unit filename="data/ctps/small-graphs/test00_7.graph" />
		<Unit filename="data/ctps/small-graphs/test00_8.graph" />
		<Unit filename="data/ctps/small-graphs/test00_9.graph" />
		<Unit filename="data/ctps/small-graphs/test01_10.graph" />
		<Unit filename="data/ctps/small-graphs/test01_11.graph" />
		<Unit filename="data/ctps/small-graphs/test01_12.graph" />
		<Unit filename="data/ctps/small-graphs/test01_13.graph" />
		<Unit filename="data/ctps/small-graphs/test01_14.graph" />
		<Unit filename="data/ctps/small-graphs/test01_15.graph" />
		<Unit filename="data/ctps/small-graphs/test01_16.graph" />
		<Unit filename="data/ctps/small-graphs/test01_17.graph" />
		<Unit filename="data/ctps/small-graphs/test01_18.graph" />
		<Unit filename="data/ctps/small-graphs/test01_19.graph" />
		<Unit filename="data/ctps/small-graphs/test01_5.graph" />
		<Unit filename="data/ctps/small-graphs/test01_6.graph" />
		<Unit filename="data/ctps/small-graphs/test01_7.graph" />
		<Unit filename="data/ctps/small-graphs/test01_8.graph" />
		<Unit filename="data/ctps/small-graphs/test01_9.graph" />
		<Unit filename="data/ctps/small-graphs/test02_10.graph" />
		<Unit filename="data/ctps/small-graphs/test02_11.graph" />
		<Unit filename="data/ctps/small-graphs/test02_12.graph" />
		<Unit filename="data/ctps/small-graphs/test02_13.graph" />
		<Unit filename="data/ctps/small-graphs/test02_14.graph" />
		<Unit filename="data/ctps/small-graphs/test02_15.graph" />
		<Unit filename="data/ctps/small-graphs/test02_16.graph" />
		<Unit filename="data/ctps/small-graphs/test02_17.graph" />
		<Unit filename="data/ctps/small-graphs/test02_18.graph" />
		<Unit filename="data/ctps/small-graphs/test02_19.graph" />
		<Unit filename="data/ctps/small-graphs/test02_5.graph" />
		<Unit filename="data/ctps/small-graphs/test02_6.graph" />
		<Unit filename="data/ctps/small-graphs/test02_7.graph" />
		<Unit filename="data/ctps/small-graphs/test02_8.graph" />
		<Unit filename="data/ctps/small-graphs/test02_9.graph" />
		<Unit filename="data/ctps/small-graphs/test03_10.graph" />
		<Unit filename="data/ctps/small-graphs/test03_11.graph" />
		<Unit filename="data/ctps/small-graphs/test03_12.graph" />
		<Unit filename="data/ctps/small-graphs/test03_13.graph" />
		<Unit filename="data/ctps/small-graphs/test03_14.graph" />
		<Unit filename="data/ctps/small-graphs/test03_15.graph" />
		<Unit filename="data/ctps/small-graphs/test03_16.graph" />
		<Unit filename="data/ctps/small-graphs/test03_17.graph" />
		<Unit filename="data/ctps/small-graphs/test03_18.graph" />
		<Unit filename="data/ctps/small-graphs/test03_19.graph" />
		<Unit filename="data/ctps/small-graphs/test03_5.graph" />
		<Unit filename="data/ctps/small-graphs/test03_6.graph" />
		<Unit filename="data/ctps/small-graphs/test03_7.graph" />
		<Unit filename="data/ctps/small-graphs/test03_8.graph" />
		<Unit filename="data/ctps/small-graphs/test03_9.graph" />
		<Unit filename="data/ctps/small-graphs/test04_10.graph" />
		<Unit filename="data/ctps/small-graphs/test04_11.graph" />
		<Unit filename="data/ctps/small-graphs/test04_12.graph" />
		<Unit filename="data/ctps/small-graphs/test04_13.graph" />
		<Unit filename="data/ctps/small-graphs/test04_14.graph" />
		<Unit filename="data/ctps/small-graphs/test04_15.graph" />
		<Unit filename="data/ctps/small-graphs/test04_16.graph" />
		<Unit filename="data/ctps/small-graphs/test04_17.graph" />
		<Unit filename="data/ctps/small-graphs/test04_18.graph" />
		<Unit filename="data/ctps/small-graphs/test04_19.graph" />
		<Unit filename="data/ctps/small-graphs/test04_5.graph" />
		<Unit filename="data/ctps/small-graphs/test04_6.graph" />
		<Unit filename="data/ctps/small-graphs/test04_7.graph" />
		<Unit filename="data/ctps/small-graphs/test04_8.graph" />
		<Unit filename="data/ctps/small-graphs/test04_9.graph" />
		<Unit filename="data/ctps/small-graphs/test05_10.graph" />
		<Unit filename="data/ctps/small-graphs/test05_11.graph" />
		<Unit filename="data/ctps/small-graphs/test05_12.graph" />
		<Unit filename="data/ctps/small-graphs/test05_13.graph" />
		<Unit filename="data/ctps/small-graphs/test05_14.graph" />
		<Unit filename="data/ctps/small-graphs/test05_15.graph" />
		<Unit filename="data/ctps/small-graphs/test05_16.graph" />
		<Unit filename="data/ctps/small-graphs/test05_17.graph" />
		<Unit filename="data/ctps/small-graphs/test05_18.graph" />
		<Unit filename="data/ctps/small-graphs/test05_19.graph" />
		<Unit filename="data/ctps/small-graphs/test05_5.graph" />
		<Unit filename="data/ctps/small-graphs/test05_6.graph" />
		<Unit filename="data/ctps/small-graphs/test05_7.graph" />
		<Unit filename="data/ctps/small-graphs/test05_8.graph" />
		<Unit filename="data/ctps/small-graphs/test05_9.graph" />
		<Unit filename="data/ctps/small-graphs/test06_10.graph" />
		<Unit filename="data/ctps/small-graphs/test06_11.graph" />
		<Unit filename="data/ctps/small-graphs/test06_12.graph" />
		<Unit filename="data/ctps/small-graphs/test06_13.graph" />
		<Unit filename="data/ctps/small-graphs/test06_14.graph" />
		<Unit filename="data/ctps/small-graphs/test06_15.graph" />
		<Unit filename="data/ctps/small-graphs/test06_16.graph" />
		<Unit filename="data/ctps/small-graphs/test06_17.graph" />
		<Unit filename="data/ctps/small-graphs/test06_18.graph" />
		<Unit filename="data/ctps/small-graphs/test06_19.graph" />
		<Unit filename="data/ctps/small-graphs/test06_5.graph" />
		<Unit filename="data/ctps/small-graphs/test06_6.graph" />
		<Unit filename="data/ctps/small-graphs/test06_7.graph" />
		<Unit filename="data/ctps/small-graphs/test06_8.graph" />
		<Unit filename="data/ctps/small-graphs/test06_9.graph" />
		<Unit filename="data/ctps/small-graphs/test07_10.graph" />
		<Unit filename="data/ctps/small-graphs/test07_11.graph" />
		<Unit filename="data/ctps/small-graphs/test07_12.graph" />
		<Unit filename="data/ctps/small-graphs/test07_13.graph" />
		<Unit filename="data/ctps/small-graphs/test07_14.graph" />
		<Unit filename="data/ctps/small-graphs/test07_15.graph" />
		<Unit filename="data/ctps/small-graphs/test07_16.graph" />
		<Unit filename="data/ctps/small-graphs/test07_17.graph" />
		<Unit filename="data/ctps/small-graphs/test07_18.graph" />
		<Unit filename="data/ctps/small-graphs/test07_19.graph" />
		<Unit filename="data/ctps/small-graphs/test07_5.graph" />
		<Unit filename="data/ctps/small-graphs/test07_6.graph" />
		<Unit filename="data/ctps/small-graphs/test07_7.graph" />
		<Unit filename="data/ctps/small-graphs/test07_8.graph" />
		<Unit filename="data/ctps/small-graphs/test07_9.graph" />
		<Unit filename="data/ctps/small-graphs/test08_10.graph" />
		<Unit filename="data/ctps/small-graphs/test08_11.graph" />
		<Unit filename="data/ctps/small-graphs/test08_12.graph" />
		<Unit filename="data/ctps/small-graphs/test08_13.graph" />
		<Unit filename="data/ctps/small-graphs/test08_14.graph" />
		<Unit filename="data/ctps/small-graphs/test08_15.graph" />
		<Unit filename="data/ctps/small-graphs/test08_16.graph" />
		<Unit filename="data/ctps/small-graphs/test08_17.graph" />
		<Unit filename="data/ctps/small-graphs/test08_18.graph" />
		<Unit filename="data/ctps/small-graphs/test08_19.graph" />
		<Unit filename="data/ctps/small-graphs/test08_5.graph" />
		<Unit filename="data/ctps/small-graphs/test08_6.graph" />
		<Unit filename="data/ctps/small-graphs/test08_7.graph" />
		<Unit filename="data/ctps/small-graphs/test08_8.graph" />
		<Unit filename="data/ctps/small-graphs/test08_9.graph" />
		<Unit filename="data/ctps/small-graphs/test09_10.graph" />
		<Unit filename="data/ctps/small-graphs/test09_11.graph" />
		<Unit filename="data/ctps/small-graphs/test09_12.graph" />
		<Unit filename="data/ctps/small-graphs/test09_13.graph" />
		<Unit filename="data/ctps/small-graphs/test09_14.graph" />
		<Unit filename="data/ctps/small-graphs/test09_15.graph" />
		<Unit filename="data/ctps/small-graphs/test09_16.graph" />
		<Unit filename="data/ctps/small-graphs/test09_17.graph" />
		<Unit filename="data/ctps/small-graphs/test09_18.graph" />
		<Unit filename="data/ctps/small-graphs/test09_19.graph" />
		<Unit filename="data/ctps/small-graphs/test09_5.graph" />
		<Unit filename="data/ctps/small-graphs/test09_6.graph" />
		<Unit filename="data/ctps/small-graphs/test09_7.graph" />
		<Unit filename="data/ctps/small-graphs/test09_8.graph" />
		<Unit filename="data/ctps/small-graphs/test09_9.graph" />
		<Unit filename="data/ctps/uct-aaai-2012.pdf" />
		<Unit filename="data/ppddl/ippc2008/2-tireworlds/p01.pddl" />
		<Unit filename="data/ppddl/ippc2008/2-tireworlds/p02.pddl" />
		<Unit filename="data/ppddl/ippc2008/2-tireworlds/p03.pddl" />
		<Unit filename="data/ppddl/ippc2008/2-tireworlds/p04.pddl" />
		<Unit filename="data/ppddl/ippc2008/2-tireworlds/p05.pddl" />
		<Unit filename="data/ppddl/ippc2008/2-tireworlds/p06.pddl" />
		<Unit filename="data/ppddl/ippc2008/2-tireworlds/p07.pddl" />
		<Unit filename="data/ppddl/ippc2008/2-tireworlds/p08.pddl" />
		<Unit filename="data/ppddl/ippc2008/2-tireworlds/p09.pddl" />
		<Unit filename="data/ppddl/ippc2008/2-tireworlds/p10.pddl" />
		<Unit filename="data/ppddl/ippc2008/2-tireworlds/p11-x20-y20-h5-v5-u80-s11.pddl" />
		<Unit filename="data/ppddl/ippc2008/2-tireworlds/p12-x20-y20-h15-v15-u300-s12.pddl" />
		<Unit filename="data/ppddl/ippc2008/2-tireworlds/p13-x30-y30-h8-v8-u100-s13.pddl" />
		<Unit filename="data/ppddl/ippc2008/2-tireworlds/p14-x30-y30-h25-v20-u700-s14.pddl" />
		<Unit filename="data/ppddl/ippc2008/2-tireworlds/p15-x60-y60-h15-v25-u1500-s15.pddl" />
		<Unit filename="data/ppddl/ippc2008/blocksworld/generate.sh" />
		<Unit filename="data/ppddl/ippc2008/blocksworld/p01-c0-C0-g1-n5.pddl" />
		<Unit filename="data/ppddl/ippc2008/blocksworld/p02-c1-C1-g20-n5.pddl" />
		<Unit filename="data/ppddl/ippc2008/blocksworld/p03-c1-C2-g40-n5.pddl" />
		<Unit filename="data/ppddl/ippc2008/blocksworld/p04-c2-C1-g0-n5.pddl" />
		<Unit filename="data/ppddl/ippc2008/blocksworld/p05-c0-C0-g1-n10.pddl" />
		<Unit filename="data/ppddl/ippc2008/blocksworld/p06-c1-C1-g20-n10.pddl" />
		<Unit filename="data/ppddl/ippc2008/blocksworld/p07-c1-C2-g0-n10.pddl" />
		<Unit filename="data/ppddl/ippc2008/blocksworld/p08-c3-C2-g0-n10.pddl" />
		<Unit filename="data/ppddl/ippc2008/blocksworld/p09-c0-C0-g1-n14.pddl" />
		<Unit filename="data/ppddl/ippc2008/blocksworld/p10-c1-C1-g20-n14.pddl" />
		<Unit filename="data/ppddl/ippc2008/blocksworld/p11-c1-C2-g0-n14.pddl" />
		<Unit filename="data/ppddl/ippc2008/blocksworld/p12-c3-C2-g0-n14.pddl" />
		<Unit filename="data/ppddl/ippc2008/blocksworld/p13-c0-C0-g1-n18.pddl" />
		<Unit filename="data/ppddl/ippc2008/blocksworld/p14-c1-C1-g20-n18.pddl" />
		<Unit filename="data/ppddl/ippc2008/blocksworld/p15-c3-C2-g0-n18.pddl" />
		<Unit filename="data/ppddl/ippc2008/boxworld/generate.sh" />
		<Unit filename="data/ppddl/ippc2008/boxworld/p01-b10-c5-dc0-fc0-dr0-gr1.pddl" />
		<Unit filename="data/ppddl/ippc2008/boxworld/p02-b10-c5-dc0-fc0-dr1-gr10.pddl" />
		<Unit filename="data/ppddl/ippc2008/boxworld/p03-b10-c5-dc5-fc25-dr50-gr500.pddl" />
		<Unit filename="data/ppddl/ippc2008/boxworld/p04-b10-c10-dc0-fc0-dr0-gr1.pddl" />
		<Unit filename="data/ppddl/ippc2008/boxworld/p05-b10-c10-dc8-fc25-dr50-gr500.pddl" />
		<Unit filename="data/ppddl/ippc2008/boxworld/p06-b10-c15-dc0-fc0-dr0-gr1.pddl" />
		<Unit filename="data/ppddl/ippc2008/boxworld/p07-b10-c15-dc5-fc30-dr50-gr500.pddl" />
		<Unit filename="data/ppddl/ippc2008/boxworld/p08-b15-c10-dc0-fc0-dr0-gr1.pddl" />
		<Unit filename="data/ppddl/ippc2008/boxworld/p09-b15-c10-dc5-fc25-dr100-gr500.pddl" />
		<Unit filename="data/ppddl/ippc2008/boxworld/p10-b15-c15-dc0-fc0-dr0-gr1.pddl" />
		<Unit filename="data/ppddl/ippc2008/boxworld/p11-b15-c15-dc0-fc0-dr1-gr0.pddl" />
		<Unit filename="data/ppddl/ippc2008/boxworld/p12-b15-c15-dc5-fc25-dr100-gr500.pddl" />
		<Unit filename="data/ppddl/ippc2008/boxworld/p13-b20-c20-dc0-fc0-dr0-gr1.pddl" />
		<Unit filename="data/ppddl/ippc2008/boxworld/p14-b20-c20-dc0-fc0-dr1-gr20.pddl" />
		<Unit filename="data/ppddl/ippc2008/boxworld/p15-b20-c20-dc5-fc25-dr100-gr500.pddl" />
		<Unit filename="data/ppddl/ippc2008/ex-blocksworld/domain.pddl" />
		<Unit filename="data/ppddl/ippc2008/ex-blocksworld/generate.sh" />
		<Unit filename="data/ppddl/ippc2008/ex-blocksworld/p01-n2-N5-s1.pddl" />
		<Unit filename="data/ppddl/ippc2008/ex-blocksworld/p02-n3-N5-s2.pddl" />
		<Unit filename="data/ppddl/ippc2008/ex-blocksworld/p03-n3-N6-s3.pddl" />
		<Unit filename="data/ppddl/ippc2008/ex-blocksworld/p04-n4-N6-s4.pddl" />
		<Unit filename="data/ppddl/ippc2008/ex-blocksworld/p05-n5-N7-s5.pddl" />
		<Unit filename="data/ppddl/ippc2008/ex-blocksworld/p06-n6-N8-s6.pddl" />
		<Unit filename="data/ppddl/ippc2008/ex-blocksworld/p07-n7-N9-s7.pddl" />
		<Unit filename="data/ppddl/ippc2008/ex-blocksworld/p08-n8-N10-s8.pddl" />
		<Unit filename="data/ppddl/ippc2008/ex-blocksworld/p09-n9-N11-s9.pddl" />
		<Unit filename="data/ppddl/ippc2008/ex-blocksworld/p10-n10-N12-s10.pddl" />
		<Unit filename="data/ppddl/ippc2008/ex-blocksworld/p11-n11-N13-s11.pddl" />
		<Unit filename="data/ppddl/ippc2008/ex-blocksworld/p12-n12-N14-s12.pddl" />
		<Unit filename="data/ppddl/ippc2008/ex-blocksworld/p13-n13-N15-s13.pddl" />
		<Unit filename="data/ppddl/ippc2008/ex-blocksworld/p14-n14-N16-s14.pddl" />
		<Unit filename="data/ppddl/ippc2008/ex-blocksworld/p15-n15-N17-s15.pddl" />
		<Unit filename="data/ppddl/ippc2008/rectangle-tireworld/domain.pddl" />
		<Unit filename="data/ppddl/ippc2008/rectangle-tireworld/generate.sh" />
		<Unit filename="data/ppddl/ippc2008/rectangle-tireworld/p01-x5-y5-h2-v2-u0-s1.pddl" />
		<Unit filename="data/ppddl/ippc2008/rectangle-tireworld/p02-x5-y5-h2-v3-u15-s2.pddl" />
		<Unit filename="data/ppddl/ippc2008/rectangle-tireworld/p03-x7-y7-h4-v3-u0-s3.pddl" />
		<Unit filename="data/ppddl/ippc2008/rectangle-tireworld/p04-x7-y7-h3-v4-u20-s4.pddl" />
		<Unit filename="data/ppddl/ippc2008/rectangle-tireworld/p05-x9-y9-h3-v5-u30-s5.pddl" />
		<Unit filename="data/ppddl/ippc2008/rectangle-tireworld/p06-x11-y11-h4-v3-u40-s6.pddl" />
		<Unit filename="data/ppddl/ippc2008/rectangle-tireworld/p07-x11-y11-h3-v5-u80-s7.pddl" />
		<Unit filename="data/ppddl/ippc2008/rectangle-tireworld/p08-x11-y11-h6-v7-u80-s8.pddl" />
		<Unit filename="data/ppddl/ippc2008/rectangle-tireworld/p09-x15-y15-h4-v4-u60-s9.pddl" />
		<Unit filename="data/ppddl/ippc2008/rectangle-tireworld/p10-x15-y15-h10-v10-u150-s10.pddl" />
		<Unit filename="data/ppddl/ippc2008/rectangle-tireworld/p11-x20-y20-h5-v5-u80-s11.pddl" />
		<Unit filename="data/ppddl/ippc2008/rectangle-tireworld/p12-x20-y20-h15-v15-u300-s12.pddl" />
		<Unit filename="data/ppddl/ippc2008/rectangle-tireworld/p13-x30-y30-h8-v8-u100-s13.pddl" />
		<Unit filename="data/ppddl/ippc2008/rectangle-tireworld/p14-x30-y30-h25-v20-u700-s14.pddl" />
		<Unit filename="data/ppddl/ippc2008/rectangle-tireworld/p15-x60-y60-h15-v25-u1500-s15.pddl" />
		<Unit filename="data/ppddl/ippc2008/schedule/generate.sh" />
		<Unit filename="data/ppddl/ippc2008/schedule/p01-c1-u3-l30.pddl" />
		<Unit filename="data/ppddl/ippc2008/schedule/p02-c1-u3-l50.pddl" />
		<Unit filename="data/ppddl/ippc2008/schedule/p03-c1-u4-l100.pddl" />
		<Unit filename="data/ppddl/ippc2008/schedule/p04-c2-u3-l50.pddl" />
		<Unit filename="data/ppddl/ippc2008/schedule/p05-c2-u4-l100.pddl" />
		<Unit filename="data/ppddl/ippc2008/schedule/p06-c3-u3-l500.pddl" />
		<Unit filename="data/ppddl/ippc2008/schedule/p07-c3-u3-l500.pddl" />
		<Unit filename="data/ppddl/ippc2008/schedule/p08-c3-u4-l500.pddl" />
		<Unit filename="data/ppddl/ippc2008/schedule/p09-c4-u5-l1000.pddl" />
		<Unit filename="data/ppddl/ippc2008/schedule/p10-c4-u5-l1000.pddl" />
		<Unit filename="data/ppddl/ippc2008/schedule/p11-c5-u3-l2000.pddl" />
		<Unit filename="data/ppddl/ippc2008/schedule/p12-c5-u3-l2000.pddl" />
		<Unit filename="data/ppddl/ippc2008/schedule/p13-c5-u4-l3000.pddl" />
		<Unit filename="data/ppddl/ippc2008/schedule/p14-c7-u5-l3000.pddl" />
		<Unit filename="data/ppddl/ippc2008/schedule/p15-c10-u5-l3000.pddl" />
		<Unit filename="data/ppddl/ippc2008/search-and-rescue/domain.pddl" />
		<Unit filename="data/ppddl/ippc2008/search-and-rescue/generate.sh" />
		<Unit filename="data/ppddl/ippc2008/search-and-rescue/p01-z4.pddl" />
		<Unit filename="data/ppddl/ippc2008/search-and-rescue/p02-z5.pddl" />
		<Unit filename="data/ppddl/ippc2008/search-and-rescue/p03-z6.pddl" />
		<Unit filename="data/ppddl/ippc2008/search-and-rescue/p04-z8.pddl" />
		<Unit filename="data/ppddl/ippc2008/search-and-rescue/p05-z10.pddl" />
		<Unit filename="data/ppddl/ippc2008/search-and-rescue/p06-z12.pddl" />
		<Unit filename="data/ppddl/ippc2008/search-and-rescue/p07-z14.pddl" />
		<Unit filename="data/ppddl/ippc2008/search-and-rescue/p08-z16.pddl" />
		<Unit filename="data/ppddl/ippc2008/search-and-rescue/p09-z20.pddl" />
		<Unit filename="data/ppddl/ippc2008/search-and-rescue/p10-z25.pddl" />
		<Unit filename="data/ppddl/ippc2008/search-and-rescue/p11-z30.pddl" />
		<Unit filename="data/ppddl/ippc2008/search-and-rescue/p12-z35.pddl" />
		<Unit filename="data/ppddl/ippc2008/search-and-rescue/p13-z40.pddl" />
		<Unit filename="data/ppddl/ippc2008/search-and-rescue/p14-z45.pddl" />
		<Unit filename="data/ppddl/ippc2008/search-and-rescue/p15-z50.pddl" />
		<Unit filename="data/ppddl/ippc2008/sysAdmin-SLP/domain.pddl" />
		<Unit filename="data/ppddl/ippc2008/sysAdmin-SLP/generate.sh" />
		<Unit filename="data/ppddl/ippc2008/sysAdmin-SLP/p01-n4-l1-s1.pddl" />
		<Unit filename="data/ppddl/ippc2008/sysAdmin-SLP/p02-n5-l2-s2.pddl" />
		<Unit filename="data/ppddl/ippc2008/sysAdmin-SLP/p03-n6-l3-s3.pddl" />
		<Unit filename="data/ppddl/ippc2008/sysAdmin-SLP/p04-n8-l4-s4.pddl" />
		<Unit filename="data/ppddl/ippc2008/sysAdmin-SLP/p05-n12-l6-s5.pddl" />
		<Unit filename="data/ppddl/ippc2008/sysAdmin-SLP/p06-n16-l8-s6.pddl" />
		<Unit filename="data/ppddl/ippc2008/sysAdmin-SLP/p07-n20-l10-s7.pddl" />
		<Unit filename="data/ppddl/ippc2008/sysAdmin-SLP/p08-n25-l12-s8.pddl" />
		<Unit filename="data/ppddl/ippc2008/sysAdmin-SLP/p09-n30-l15-s9.pddl" />
		<Unit filename="data/ppddl/ippc2008/sysAdmin-SLP/p10-n60-l30-s10.pddl" />
		<Unit filename="data/ppddl/ippc2008/sysAdmin-SLP/p11-n120-l60-s11.pddl" />
		<Unit filename="data/ppddl/ippc2008/sysAdmin-SLP/p12-n240-l120-s12.pddl" />
		<Unit filename="data/ppddl/ippc2008/sysAdmin-SLP/p13-n480-l240-s13.pddl" />
		<Unit filename="data/ppddl/ippc2008/sysAdmin-SLP/p14-n960-l480-s14.pddl" />
		<Unit filename="data/ppddl/ippc2008/sysAdmin-SLP/p15-n1920-l960-s15.pddl" />
		<Unit filename="data/ppddl/ippc2008/triangle-tireworld/domain.pddl" />
		<Unit filename="data/ppddl/ippc2008/triangle-tireworld/generate.sh" />
		<Unit filename="data/ppddl/ippc2008/triangle-tireworld/p01.pddl" />
		<Unit filename="data/ppddl/ippc2008/triangle-tireworld/p02.pddl" />
		<Unit filename="data/ppddl/ippc2008/triangle-tireworld/p03.pddl" />
		<Unit filename="data/ppddl/ippc2008/triangle-tireworld/p04.pddl" />
		<Unit filename="data/ppddl/ippc2008/triangle-tireworld/p05.pddl" />
		<Unit filename="data/ppddl/ippc2008/triangle-tireworld/p06.pddl" />
		<Unit filename="data/ppddl/ippc2008/triangle-tireworld/p07.pddl" />
		<Unit filename="data/ppddl/ippc2008/triangle-tireworld/p08.pddl" />
		<Unit filename="data/ppddl/ippc2008/triangle-tireworld/p09.pddl" />
		<Unit filename="data/ppddl/ippc2008/triangle-tireworld/p10.pddl" />
		<Unit filename="data/ppddl/ippc2008/zenotravel/domain.pddl" />
		<Unit filename="data/ppddl/ippc2008/zenotravel/generate.sh" />
		<Unit filename="data/ppddl/ippc2008/zenotravel/p01-c4-p2-a2-s3846.pddl" />
		<Unit filename="data/ppddl/ippc2008/zenotravel/p02-c5-p2-a2-s17462.pddl" />
		<Unit filename="data/ppddl/ippc2008/zenotravel/p03-c5-p5-a3-s3674.pddl" />
		<Unit filename="data/ppddl/ippc2008/zenotravel/p04-c6-p2-a2-s12861.pddl" />
		<Unit filename="data/ppddl/ippc2008/zenotravel/p05-c6-p5-a3-s24056.pddl" />
		<Unit filename="data/ppddl/ippc2008/zenotravel/p06-c7-p5-a3-s6554.pddl" />
		<Unit filename="data/ppddl/ippc2008/zenotravel/p07-c7-p10-a6-s24564.pddl" />
		<Unit filename="data/ppddl/ippc2008/zenotravel/p08-c8-p5-a3-s27436.pddl" />
		<Unit filename="data/ppddl/ippc2008/zenotravel/p09-c9-p10-a6-s29223.pddl" />
		<Unit filename="data/ppddl/ippc2008/zenotravel/p10-c10-p5-a3-s15832.pddl" />
		<Unit filename="data/ppddl/ippc2008/zenotravel/p11-c11-p10-a6-s21350.pddl" />
		<Unit filename="data/ppddl/ippc2008/zenotravel/p12-c13-p5-a3-s14893.pddl" />
		<Unit filename="data/ppddl/ippc2008/zenotravel/p13-c14-p10-a6-s12510.pddl" />
		<Unit filename="data/ppddl/ippc2008/zenotravel/p14-c15-p10-a6-s11709.pddl" />
		<Unit filename="data/ppddl/ippc2008/zenotravel/p15-c20-p10-a6-s24164.pddl" />
		<Unit filename="data/tracks/big-slippery.track" />
		<Unit filename="data/tracks/big.track" />
		<Unit filename="data/tracks/blocks-clean.track" />
		<Unit filename="data/tracks/blocks.track" />
		<Unit filename="data/tracks/city.track" />
		<Unit filename="data/tracks/huge.track" />
		<Unit filename="data/tracks/lexi/big.track" />
		<Unit filename="data/tracks/lexi/blank.track" />
		<Unit filename="data/tracks/lexi/blocks.track" />
		<Unit filename="data/tracks/lexi/lexi1.track" />
		<Unit filename="data/tracks/lexi/lexi2.track" />
		<Unit filename="data/tracks/lexi/lexi3.track" />
		<Unit filename="data/tracks/lexi/map0.track" />
		<Unit filename="data/tracks/lexi/map1.track" />
		<Unit filename="data/tracks/lexi/map2.track" />
		<Unit filename="data/tracks/lexi/square.track" />
		<Unit filename="data/tracks/lexi/sym.track" />
		<Unit filename="data/tracks/lexi/track1.track" />
		<Unit filename="data/tracks/lexi/track2.track" />
		<Unit filename="data/tracks/lexi/track3.track" />
		<Unit filename="data/tracks/lexi/track4.track" />
		<Unit filename="data/tracks/lexi/track5.track" />
		<Unit filename="data/tracks/longstreet.track" />
		<Unit filename="data/tracks/map0.track" />
		<Unit filename="data/tracks/map1.track" />
		<Unit filename="data/tracks/map2.track" />
		<Unit filename="data/tracks/map3.track" />
		<Unit filename="data/tracks/medium-error.track" />
		<Unit filename="data/tracks/medium.track" />
		<Unit filename="data/tracks/micro.track" />
		<Unit filename="data/tracks/narrow.track" />
		<Unit filename="data/tracks/roads-bigger/map0.track" />
		<Unit filename="data/tracks/roads-bigger/map1.track" />
		<Unit filename="data/tracks/roads-bigger/map2.track" />
		<Unit filename="data/tracks/roads-evenharder.track" />
		<Unit filename="data/tracks/roads-evenharder/map0.track" />
		<Unit filename="data/tracks/roads-evenharder/map1.track" />
		<Unit filename="data/tracks/roads-evenharder/map2.track" />
		<Unit filename="data/tracks/roads-evenharder/map3.track" />
		<Unit filename="data/tracks/roads-extreme.track" />
		<Unit filename="data/tracks/roads-harder.track" />
		<Unit filename="data/tracks/roads-huge/map0.track" />
		<Unit filename="data/tracks/roads-huge/map1.track" />
		<Unit filename="data/tracks/roads-huge/map2.track" />
		<Unit filename="data/tracks/roads-huge/map3.track" />
		<Unit filename="data/tracks/roads-huge/map4.track" />
		<Unit filename="data/tracks/roads-huge/map5.track" />
		<Unit filename="data/tracks/roads-monster/copytrack.py" />
		<Unit filename="data/tracks/roads-monster/map01.track" />
		<Unit filename="data/tracks/roads-monster/map02.track" />
		<Unit filename="data/tracks/roads-monster/template.track" />
		<Unit filename="data/tracks/roads.track" />
		<Unit filename="data/tracks/small.track" />
		<Unit filename="data/tracks/small2.track" />
		<Unit filename="data/tracks/square.track" />
		<Unit filename="data/tracks/street.track" />
		<Unit filename="data/tracks/test.track" />
		<Unit filename="data/tracks/test2.track" />
		<Unit filename="data/tracks/tiny.track" />
		<Unit filename="data/tracks/tinyroad.track" />
		<Unit filename="data/tracks/tinyroad2.track" />
		<Unit filename="data/tracks/tinyroad3.track" />
		<Unit filename="data/tracks/turn.track" />
		<Unit filename="data/tracks/winding.track" />
		<Unit filename="include/Action.h" />
		<Unit filename="include/Heuristic.h" />
		<Unit filename="include/MDPLib.h" />
		<Unit filename="include/Problem.h" />
		<Unit filename="include/State.h" />
		<Unit filename="include/domains/DummyState.h" />
		<Unit filename="include/domains/WrapperProblem.h" />
		<Unit filename="include/domains/binarytree/BinaryTreeAction.h" />
		<Unit filename="include/domains/binarytree/BinaryTreeProblem.h" />
		<Unit filename="include/domains/binarytree/BinaryTreeState.h" />
		<Unit filename="include/domains/ctp/CTPAction.h" />
		<Unit filename="include/domains/ctp/CTPOptimisticHeuristic.h" />
		<Unit filename="include/domains/ctp/CTPProblem.h" />
		<Unit filename="include/domains/ctp/CTPState.h" />
		<Unit filename="include/domains/gridworld/GWManhattanHeuristic.h" />
		<Unit filename="include/domains/gridworld/GridWorldAction.h" />
		<Unit filename="include/domains/gridworld/GridWorldProblem.h" />
		<Unit filename="include/domains/gridworld/GridWorldState.h" />
		<Unit filename="include/domains/racetrack/RTrackDetHeuristic.h" />
		<Unit filename="include/domains/racetrack/RTrackLowResHeuristic.h" />
		<Unit filename="include/domains/racetrack/RacetrackAction.h" />
		<Unit filename="include/domains/racetrack/RacetrackProblem.h" />
		<Unit filename="include/domains/racetrack/RacetrackState.h" />
		<Unit filename="include/domains/sailing/SailingAction.h" />
		<Unit filename="include/domains/sailing/SailingNoWindHeuristic.h" />
		<Unit filename="include/domains/sailing/SailingProblem.h" />
		<Unit filename="include/domains/sailing/SailingState.h" />
		<Unit filename="include/mobj/MObjProblem.h" />
		<Unit filename="include/mobj/MObjState.h" />
		<Unit filename="include/mobj/domains/MOGWManhattanHeuristic.h" />
		<Unit filename="include/mobj/domains/MOGridWorldProblem.h" />
		<Unit filename="include/mobj/domains/MOGridWorldState.h" />
		<Unit filename="include/mobj/domains/MORTrackDetHeuristic.h" />
		<Unit filename="include/mobj/domains/MORacetrackProblem.h" />
		<Unit filename="include/mobj/domains/MORacetrackState.h" />
		<Unit filename="include/mobj/domains/RawFileMOAction.h" />
		<Unit filename="include/mobj/domains/RawFileMOProblem.h" />
		<Unit filename="include/mobj/domains/RawFileMOState.h" />
		<Unit filename="include/mobj/domains/airplane/AirplaneAction.h" />
		<Unit filename="include/mobj/domains/airplane/AirplaneHeuristic.h" />
		<Unit filename="include/mobj/domains/airplane/AirplaneProblem.h" />
		<Unit filename="include/mobj/domains/airplane/AirplaneState.h" />
		<Unit filename="include/mobj/mobj_problem.h" />
		<Unit filename="include/mobj/mobj_solvers.h" />
		<Unit filename="include/mobj/mobj_state.h" />
		<Unit filename="include/ppddl/PPDDLAction.h" />
		<Unit filename="include/ppddl/PPDDLHeuristic.h" />
		<Unit filename="include/ppddl/PPDDLProblem.h" />
		<Unit filename="include/ppddl/PPDDLState.h" />
		<Unit filename="include/ppddl/mini-gpt/actions.cc" />
		<Unit filename="include/ppddl/mini-gpt/actions.h" />
		<Unit filename="include/ppddl/mini-gpt/algorithms.cc" />
		<Unit filename="include/ppddl/mini-gpt/algorithms.h" />
		<Unit filename="include/ppddl/mini-gpt/atom_states.cc" />
		<Unit filename="include/ppddl/mini-gpt/atom_states.h" />
		<Unit filename="include/ppddl/mini-gpt/client.cc" />
		<Unit filename="include/ppddl/mini-gpt/client.h" />
		<Unit filename="include/ppddl/mini-gpt/domains.cc" />
		<Unit filename="include/ppddl/mini-gpt/domains.h" />
		<Unit filename="include/ppddl/mini-gpt/effects.cc" />
		<Unit filename="include/ppddl/mini-gpt/effects.h" />
		<Unit filename="include/ppddl/mini-gpt/exceptions.cc" />
		<Unit filename="include/ppddl/mini-gpt/exceptions.h" />
		<Unit filename="include/ppddl/mini-gpt/expressions.cc" />
		<Unit filename="include/ppddl/mini-gpt/expressions.h" />
		<Unit filename="include/ppddl/mini-gpt/formulas.cc" />
		<Unit filename="include/ppddl/mini-gpt/formulas.h" />
		<Unit filename="include/ppddl/mini-gpt/full_states.cc" />
		<Unit filename="include/ppddl/mini-gpt/full_states.h" />
		<Unit filename="include/ppddl/mini-gpt/functions.cc" />
		<Unit filename="include/ppddl/mini-gpt/functions.h" />
		<Unit filename="include/ppddl/mini-gpt/global.cc" />
		<Unit filename="include/ppddl/mini-gpt/global.h" />
		<Unit filename="include/ppddl/mini-gpt/graph.cc" />
		<Unit filename="include/ppddl/mini-gpt/graph.h" />
		<Unit filename="include/ppddl/mini-gpt/hash.cc" />
		<Unit filename="include/ppddl/mini-gpt/hash.h" />
		<Unit filename="include/ppddl/mini-gpt/hashing.h" />
		<Unit filename="include/ppddl/mini-gpt/heuristics.cc" />
		<Unit filename="include/ppddl/mini-gpt/heuristics.h" />
		<Unit filename="include/ppddl/mini-gpt/lexer.cc" />
		<Unit filename="include/ppddl/mini-gpt/main.cc" />
		<Unit filename="include/ppddl/mini-gpt/md4.h" />
		<Unit filename="include/ppddl/mini-gpt/md4c.c">
			<Option compilerVar="CC" />
		</Unit>
		<Unit filename="include/ppddl/mini-gpt/parser.cc" />
		<Unit filename="include/ppddl/mini-gpt/parser.h" />
		<Unit filename="include/ppddl/mini-gpt/planners.cc" />
		<Unit filename="include/ppddl/mini-gpt/planners.h" />
		<Unit filename="include/ppddl/mini-gpt/predicates.cc" />
		<Unit filename="include/ppddl/mini-gpt/predicates.h" />
		<Unit filename="include/ppddl/mini-gpt/problems.cc" />
		<Unit filename="include/ppddl/mini-gpt/problems.h" />
		<Unit filename="include/ppddl/mini-gpt/queue.h" />
		<Unit filename="include/ppddl/mini-gpt/rational.cc" />
		<Unit filename="include/ppddl/mini-gpt/rational.h" />
		<Unit filename="include/ppddl/mini-gpt/requirements.cc" />
		<Unit filename="include/ppddl/mini-gpt/requirements.h" />
		<Unit filename="include/ppddl/mini-gpt/states.h" />
		<Unit filename="include/ppddl/mini-gpt/strxml.cc" />
		<Unit filename="include/ppddl/mini-gpt/strxml.h" />
		<Unit filename="include/ppddl/mini-gpt/terms.cc" />
		<Unit filename="include/ppddl/mini-gpt/terms.h" />
		<Unit filename="include/ppddl/mini-gpt/types.cc" />
		<Unit filename="include/ppddl/mini-gpt/types.h" />
		<Unit filename="include/ppddl/mini-gpt/utils.cc" />
		<Unit filename="include/ppddl/mini-gpt/utils.h" />
		<Unit filename="include/reduced/CustomReduction.h" />
		<Unit filename="include/reduced/LeastLikelyOutcomeReduction.h" />
		<Unit filename="include/reduced/MostLikelyOutcomeReduction.h" />
		<Unit filename="include/reduced/PPDDLTaggedReduction.h" />
		<Unit filename="include/reduced/RacetrackObviousReduction.h" />
		<Unit filename="include/reduced/ReducedHeuristicWrapper.h" />
		<Unit filename="include/reduced/ReducedModel.h" />
		<Unit filename="include/reduced/ReducedState.h" />
		<Unit filename="include/reduced/ReducedTransition.h" />
		<Unit filename="include/solvers/AODetHeuristic.h" />
		<Unit filename="include/solvers/BoundedRTDPSolver.h" />
		<Unit filename="include/solvers/ConcurrentSolver.h" />
		<Unit filename="include/solvers/DeterministicSolver.h" />
		<Unit filename="include/solvers/FFReducedModelSolver.h" />
		<Unit filename="include/solvers/FFReplanSolver.h" />
		<Unit filename="include/solvers/FFUtil.h" />
		<Unit filename="include/solvers/FLARESSolver.h" />
		<Unit filename="include/solvers/HDPSolver.h" />
		<Unit filename="include/solvers/HMinHeuristic.h" />
		<Unit filename="include/solvers/HOPSolver.h" />
		<Unit filename="include/solvers/LAOStarSolver.h" />
		<Unit filename="include/solvers/LRTDPSolver.h" />
		<Unit filename="include/solvers/RFFSolver.h" />
		<Unit filename="include/solvers/RandomPolicy.h" />
		<Unit filename="include/solvers/SSiPPFFSolver.h" />
		<Unit filename="include/solvers/SSiPPSolver.h" />
		<Unit filename="include/solvers/SoftFLARESSolver.h" />
		<Unit filename="include/solvers/Solver.h" />
		<Unit filename="include/solvers/UCTSolver.h" />
		<Unit filename="include/solvers/VISolver.h" />
		<Unit filename="include/solvers/VPIRTDPSolver.h" />
		<Unit filename="include/solvers/mobj/CMDPLagrangeSearchSolver.h" />
		<Unit filename="include/solvers/mobj/CMDPSlackSolver.h" />
		<Unit filename="include/solvers/mobj/CMDPSolver.h" />
		<Unit filename="include/solvers/mobj/GlobalSlackSolver.h" />
		<Unit filename="include/solvers/mobj/LexiVISolver.h" />
		<Unit filename="include/solvers/mobj/MOLAOStarSolver.h" />
		<Unit filename="include/solvers/mobj/MObjSolvers.h" />
		<Unit filename="include/util/flags.h" />
		<Unit filename="include/util/general.h" />
		<Unit filename="include/util/graph.h" />
		<Unit filename="include/util/math_utils.h" />
		<Unit filename="include/util/rational.h" />
		<Unit filename="src/Action.cpp" />
		<Unit filename="src/MDPLib.cpp" />
		<Unit filename="src/State.cpp" />
		<Unit filename="src/domains/DummyState.cpp" />
		<Unit filename="src/domains/WrapperProblem.cpp" />
		<Unit filename="src/domains/binarytree/BinaryTreeProblem.cpp" />
		<Unit filename="src/domains/binarytree/BinaryTreeState.cpp" />
		<Unit filename="src/domains/ctp/CTPAction.cpp" />
		<Unit filename="src/domains/ctp/CTPProblem.cpp" />
		<Unit filename="src/domains/ctp/CTPState.cpp" />
		<Unit filename="src/domains/gridworld/GridWorldAction.cpp" />
		<Unit filename="src/domains/gridworld/GridWorldProblem.cpp" />
		<Unit filename="src/domains/gridworld/GridWorldState.cpp" />
		<Unit filename="src/domains/racetrack/RTrackDetHeuristic.cpp" />
		<Unit filename="src/domains/racetrack/RTrackLowResHeuristic.cpp" />
		<Unit filename="src/domains/racetrack/RacetrackProblem.cpp" />
		<Unit filename="src/domains/racetrack/RacetrackState.cpp" />
		<Unit filename="src/domains/sailing/SailingNoWindHeuristic.cpp" />
		<Unit filename="src/domains/sailing/SailingProblem.cpp" />
		<Unit filename="src/mobj/domains/MOGridWorldProblem.cpp" />
		<Unit filename="src/mobj/domains/MOGridWorldState.cpp" />
		<Unit filename="src/mobj/domains/MORTrackDetHeuristic.cpp" />
		<Unit filename="src/mobj/domains/MORacetrackProblem.cpp" />
		<Unit filename="src/mobj/domains/MORacetrackState.cpp" />
		<Unit filename="src/mobj/domains/RawFileMOProblem.cpp" />
		<Unit filename="src/mobj/domains/RawFileMOState.cpp" />
		<Unit filename="src/mobj/domains/airplane/AirplaneHeuristic.cpp" />
		<Unit filename="src/mobj/domains/airplane/AirplaneProblem.cpp" />
		<Unit filename="src/mobj/domains/airplane/AirplaneState.cpp" />
		<Unit filename="src/ppddl/PPDDLAction.cpp" />
		<Unit filename="src/ppddl/PPDDLHeuristic.cpp" />
		<Unit filename="src/ppddl/PPDDLProblem.cpp" />
		<Unit filename="src/ppddl/PPDDLState.cpp" />
		<Unit filename="src/reduced/ReducedModel.cpp" />
		<Unit filename="src/solvers/AODetHeuristic.cpp" />
		<Unit filename="src/solvers/BoundedRTDPSolver.cpp" />
		<Unit filename="src/solvers/ConcurrentSolver.cpp" />
		<Unit filename="src/solvers/DeterministicSolver.cpp" />
		<Unit filename="src/solvers/FFReducedModelSolver.cpp" />
		<Unit filename="src/solvers/FFReplanSolver.cpp" />
		<Unit filename="src/solvers/FLARESSolver.cpp" />
		<Unit filename="src/solvers/HDPSolver.cpp" />
		<Unit filename="src/solvers/HMinHeuristic.cpp" />
		<Unit filename="src/solvers/HOPSolver.cpp" />
		<Unit filename="src/solvers/LAOStarSolver.cpp" />
		<Unit filename="src/solvers/LRTDPSolver.cpp" />
		<Unit filename="src/solvers/RFFSolver.cpp" />
		<Unit filename="src/solvers/RandomPolicy.cpp" />
		<Unit filename="src/solvers/SSiPPFFSolver.cpp" />
		<Unit filename="src/solvers/SSiPPSolver.cpp" />
		<Unit filename="src/solvers/SoftFLARESSolver.cpp" />
		<Unit filename="src/solvers/Solver.cpp" />
		<Unit filename="src/solvers/UCTSolver.cpp" />
		<Unit filename="src/solvers/VISolver.cpp" />
		<Unit filename="src/solvers/VPIRTDPSolver.cpp" />
		<Unit filename="src/solvers/mobj/CMDPLagrangeSearchSolver.cpp" />
		<Unit filename="src/solvers/mobj/CMDPSlackSolver.cpp" />
		<Unit filename="src/solvers/mobj/CMDPSolver.cpp" />
		<Unit filename="src/solvers/mobj/GlobalSlackSolver.cpp" />
		<Unit filename="src/solvers/mobj/LexiVISolver.cpp" />
		<Unit filename="src/solvers/mobj/MOLAOStarSolver.cpp" />
		<Unit filename="src/solvers/mobj/MObjSolvers.cpp" />
		<Unit filename="src/util/flags.cpp" />
		<Unit filename="src/util/general.cpp" />
		<Unit filename="src/util/graph.cpp" />
		<Unit filename="test/mobj/testAirplane.cpp" />
		<Unit filename="test/mobj/testLexiGW.cpp" />
		<Unit filename="test/mobj/testLexiRace.cpp" />
		<Unit filename="test/mobj/testLexiRaw.cpp" />
		<Unit filename="test/planningServer.cpp" />
		<Unit filename="test/reduced/planningServer.cpp" />
		<Unit filename="test/reduced/testFF.cpp" />
		<Unit filename="test/reduced/testReduced.cpp" />
		<Unit filename="test/reduced/testReducedFF.cpp" />
		<Unit filename="test/testB2T.cpp" />
		<Unit filename="test/testCTP.cpp" />
		<Unit filename="test/testConc.cpp" />
		<Unit filename="test/testGridWorld.cpp" />
		<Unit filename="test/testPPDDL.cpp" />
		<Unit filename="test/testRFF.cpp" />
		<Unit filename="test/testRace.cpp" />
		<Unit filename="test/testSail.cpp" />
		<Unit filename="test/testSolver.cpp" />
		<Unit filename="test/testVPISolver.cpp" />
		<Extensions>
			<code_completion />
			<debugger />
			<envvars />
		</Extensions>
	</Project>
</CodeBlocks_project_file>
